
Microsoft Visual Studio Solution File, Format Version 12.00
# Visual Studio Version 17
VisualStudioVersion = 17.2.32630.192
MinimumVisualStudioVersion = 10.0.40219.1
Project("{9A19103F-16F7-4668-BE54-9A1E7A4F7556}") = "R5T.O0011.Construction", "R5T.O0011.Construction\R5T.O0011.Construction.csproj", "{1DB32947-AD50-43E2-8D54-4C5EBB1088FC}"
EndProject
Project("{9A19103F-16F7-4668-BE54-9A1E7A4F7556}") = "R5T.O0011", "R5T.O0011\R5T.O0011.csproj", "{3BF39575-8D2F-4C4D-BFA0-175293E29B60}"
EndProject
Project("{2150E333-8FDC-42A3-9474-1A3956D46DE8}") = "_Dependencies", "_Dependencies", "{DF0A4706-5577-42F5-94AB-49B9CD6C0B30}"
EndProject
Project("{9A19103F-16F7-4668-BE54-9A1E7A4F7556}") = "R5T.F0000", "..\..\R5T.F0000\source\R5T.F0000\R5T.F0000.csproj", "{3443EAB6-B8C9-4E3E-9BE8-4433EA0F7DBF}"
EndProject
Project("{9A19103F-16F7-4668-BE54-9A1E7A4F7556}") = "R5T.F0002", "..\..\R5T.F0002\source\R5T.F0002\R5T.F0002.csproj", "{6EA775FE-7242-4381-A129-922296EC90F1}"
EndProject
Project("{9A19103F-16F7-4668-BE54-9A1E7A4F7556}") = "R5T.F0016.F001", "..\..\R5T.F0016\source\R5T.F0016.F001\R5T.F0016.F001.csproj", "{5762244F-D77E-46D0-9763-C1AEBF9350B4}"
EndProject
Project("{9A19103F-16F7-4668-BE54-9A1E7A4F7556}") = "R5T.F0016", "..\..\R5T.F0016\source\R5T.F0016\R5T.F0016.csproj", "{6A33EBD2-A83C-4371-B3DB-42E4494A8E5B}"
EndProject
Project("{9A19103F-16F7-4668-BE54-9A1E7A4F7556}") = "R5T.F0019", "..\..\R5T.F0019\source\R5T.F0019\R5T.F0019.csproj", "{F3C27371-C56A-425C-B349-2D0C7D748162}"
EndProject
Project("{9A19103F-16F7-4668-BE54-9A1E7A4F7556}") = "R5T.F0020", "..\..\R5T.F0020\source\R5T.F0020\R5T.F0020.csproj", "{4084DC40-1774-4864-B565-249D953F23A8}"
EndProject
Project("{9A19103F-16F7-4668-BE54-9A1E7A4F7556}") = "R5T.F0024.T001", "..\..\R5T.F0024\source\R5T.F0024.T001\R5T.F0024.T001.csproj", "{D5F03AD9-6E9E-410C-851E-973594FA7833}"
EndProject
Project("{9A19103F-16F7-4668-BE54-9A1E7A4F7556}") = "R5T.F0024", "..\..\R5T.F0024\source\R5T.F0024\R5T.F0024.csproj", "{4C4A85CF-C0A5-49DE-854D-94E29A2B6A08}"
EndProject
Project("{9A19103F-16F7-4668-BE54-9A1E7A4F7556}") = "R5T.F0032", "..\..\R5T.F0032\source\R5T.F0032\R5T.F0032.csproj", "{0C6E39F1-1CD0-46EC-9340-343E6865B2A6}"
EndProject
Project("{9A19103F-16F7-4668-BE54-9A1E7A4F7556}") = "R5T.F0040.F000", "..\..\R5T.F0040\source\R5T.F0040.F000\R5T.F0040.F000.csproj", "{D42AF29D-0872-4B14-86BC-182C0F227CBC}"
EndProject
Project("{9A19103F-16F7-4668-BE54-9A1E7A4F7556}") = "R5T.F0041", "..\..\R5T.F0041\source\R5T.F0041\R5T.F0041.csproj", "{730D55DA-3DD2-42CA-9053-E5E5C3786658}"
EndProject
Project("{9A19103F-16F7-4668-BE54-9A1E7A4F7556}") = "R5T.F0042.F001", "..\..\R5T.F0042\source\R5T.F0042.F001\R5T.F0042.F001.csproj", "{0D8144EA-C022-488A-B3C0-CD61D05925EF}"
EndProject
Project("{9A19103F-16F7-4668-BE54-9A1E7A4F7556}") = "R5T.F0042", "..\..\R5T.F0042\source\R5T.F0042\R5T.F0042.csproj", "{B8EE001F-FD38-44A2-AA40-4F8BAFB43BF9}"
EndProject
Project("{9A19103F-16F7-4668-BE54-9A1E7A4F7556}") = "R5T.F0044", "..\..\R5T.F0044\source\R5T.F0044\R5T.F0044.csproj", "{008207D1-853E-4CC7-9767-5DAF07308BC9}"
EndProject
Project("{9A19103F-16F7-4668-BE54-9A1E7A4F7556}") = "R5T.F0046", "..\..\R5T.F0046\source\R5T.F0046\R5T.F0046.csproj", "{2E93F070-2B6B-442E-A570-2A9F5167C06C}"
EndProject
Project("{9A19103F-16F7-4668-BE54-9A1E7A4F7556}") = "R5T.F0047", "..\..\R5T.F0047\source\R5T.F0047\R5T.F0047.csproj", "{C3DC3226-1C21-4F52-819B-9C5DED526576}"
EndProject
Project("{9A19103F-16F7-4668-BE54-9A1E7A4F7556}") = "R5T.F0050", "..\..\R5T.F0050\source\R5T.F0050\R5T.F0050.csproj", "{E3B11DE8-AB28-405C-AA5C-E824A73C1645}"
EndProject
Project("{9A19103F-16F7-4668-BE54-9A1E7A4F7556}") = "R5T.F0051", "..\..\R5T.F0051\source\R5T.F0051\R5T.F0051.csproj", "{59682C53-AB7E-4986-AA9E-FE5B620A9009}"
EndProject
Project("{9A19103F-16F7-4668-BE54-9A1E7A4F7556}") = "R5T.F0052", "..\..\R5T.F0052\source\R5T.F0052\R5T.F0052.csproj", "{BB2B43BD-A61D-4237-BF17-D80D5526FB37}"
EndProject
Project("{9A19103F-16F7-4668-BE54-9A1E7A4F7556}") = "R5T.F0053", "..\..\R5T.F0053\source\R5T.F0053\R5T.F0053.csproj", "{AA4A6604-67CC-41FE-9A67-96371E83A3EC}"
EndProject
Project("{9A19103F-16F7-4668-BE54-9A1E7A4F7556}") = "R5T.F0054", "..\..\R5T.F0054\source\R5T.F0054\R5T.F0054.csproj", "{0BF5F4E7-68E0-4F32-B55E-7B522F1C0A22}"
EndProject
Project("{9A19103F-16F7-4668-BE54-9A1E7A4F7556}") = "R5T.F0056", "..\..\R5T.F0056\source\R5T.F0056\R5T.F0056.csproj", "{74B377E8-81C1-47CB-B3B0-21243E152C44}"
EndProject
Project("{9A19103F-16F7-4668-BE54-9A1E7A4F7556}") = "R5T.F0057", "..\..\R5T.F0057\source\R5T.F0057\R5T.F0057.csproj", "{A48CB427-E30E-4F6F-B276-3ECB017232E7}"
EndProject
Project("{9A19103F-16F7-4668-BE54-9A1E7A4F7556}") = "R5T.F0063.F001", "..\..\R5T.F0063\source\R5T.F0063.F001\R5T.F0063.F001.csproj", "{1BF04303-EA9A-4FDD-A22A-812D4C5DFF53}"
EndProject
Project("{9A19103F-16F7-4668-BE54-9A1E7A4F7556}") = "R5T.F0063", "..\..\R5T.F0063\source\R5T.F0063\R5T.F0063.csproj", "{D5601552-D87C-4AB6-8E3F-A39273670CF7}"
EndProject
Project("{9A19103F-16F7-4668-BE54-9A1E7A4F7556}") = "R5T.F0078", "..\..\R5T.F0078\source\R5T.F0078\R5T.F0078.csproj", "{53DC0A94-FD18-438C-8DB4-4FC9C445DD01}"
EndProject
Project("{9A19103F-16F7-4668-BE54-9A1E7A4F7556}") = "R5T.F0079", "..\..\R5T.F0079\source\R5T.F0079\R5T.F0079.csproj", "{56423707-0B20-4BCC-BD35-C84B35D2674C}"
EndProject
Project("{9A19103F-16F7-4668-BE54-9A1E7A4F7556}") = "R5T.F0083.R001", "..\..\R5T.F0083\source\R5T.F0083.R001\R5T.F0083.R001.csproj", "{54B33895-67B1-4318-A111-602106084051}"
EndProject
Project("{9A19103F-16F7-4668-BE54-9A1E7A4F7556}") = "R5T.F0083", "..\..\R5T.F0083\source\R5T.F0083\R5T.F0083.csproj", "{45F082B7-CAF5-4D86-A753-F5F4BA024531}"
EndProject
Project("{9A19103F-16F7-4668-BE54-9A1E7A4F7556}") = "R5T.F0086", "..\..\R5T.F0086\source\R5T.F0086\R5T.F0086.csproj", "{7046CAD1-F6C4-4560-BE69-9BEA49226447}"
EndProject
Project("{9A19103F-16F7-4668-BE54-9A1E7A4F7556}") = "R5T.F0091", "..\..\R5T.F0091\source\R5T.F0091\R5T.F0091.csproj", "{759BE6FB-889E-40F3-A333-079871B239A2}"
EndProject
Project("{9A19103F-16F7-4668-BE54-9A1E7A4F7556}") = "R5T.F0120", "..\..\R5T.F0120\source\R5T.F0120\R5T.F0120.csproj", "{362833B5-A254-47BA-92A4-12C887FD11C7}"
EndProject
Project("{9A19103F-16F7-4668-BE54-9A1E7A4F7556}") = "R5T.F0124", "..\..\R5T.F0124\source\R5T.F0124\R5T.F0124.csproj", "{A82279C4-8B36-4422-9202-8A220A7AD61F}"
EndProject
Project("{9A19103F-16F7-4668-BE54-9A1E7A4F7556}") = "R5T.F0125", "..\..\R5T.F0125\source\R5T.F0125\R5T.F0125.csproj", "{B60DD987-B9D9-4BA6-A655-E03ABE71A65F}"
EndProject
Project("{9A19103F-16F7-4668-BE54-9A1E7A4F7556}") = "R5T.F0129", "..\..\R5T.F0129\source\R5T.F0129\R5T.F0129.csproj", "{DB57B323-43BC-4EAD-8E1F-00BF5BC0F1B7}"
EndProject
Project("{9A19103F-16F7-4668-BE54-9A1E7A4F7556}") = "R5T.F0130", "..\..\R5T.F0130\source\R5T.F0130\R5T.F0130.csproj", "{75E30F42-09DD-4A8A-BF09-130D7E58BA2B}"
EndProject
Project("{9A19103F-16F7-4668-BE54-9A1E7A4F7556}") = "R5T.F0131", "..\..\R5T.F0131\source\R5T.F0131\R5T.F0131.csproj", "{68097A89-EEE8-4036-BD23-C92E1F0145E0}"
EndProject
Project("{9A19103F-16F7-4668-BE54-9A1E7A4F7556}") = "R5T.F0132", "..\..\R5T.F0132\source\R5T.F0132\R5T.F0132.csproj", "{B6929224-2626-4670-9825-F2AE71BC6F84}"
EndProject
Project("{9A19103F-16F7-4668-BE54-9A1E7A4F7556}") = "R5T.L0001.Y000", "..\..\R5T.L0001\source\R5T.L0001.Y000\R5T.L0001.Y000.csproj", "{DB4CB952-105B-4933-84A3-070970F9FA7C}"
EndProject
Project("{9A19103F-16F7-4668-BE54-9A1E7A4F7556}") = "R5T.L0001.Z000", "..\..\R5T.L0001\source\R5T.L0001.Z000\R5T.L0001.Z000.csproj", "{1FBD13ED-43EB-44E8-94FB-121CEB93C01A}"
EndProject
Project("{9A19103F-16F7-4668-BE54-9A1E7A4F7556}") = "R5T.L0001", "..\..\R5T.L0001\source\R5T.L0001\R5T.L0001.csproj", "{9A7A1F97-899A-4621-9BC0-28BFAF1A55F0}"
EndProject
Project("{9A19103F-16F7-4668-BE54-9A1E7A4F7556}") = "R5T.L0030.T000", "..\..\R5T.L0030\source\R5T.L0030.T000\R5T.L0030.T000.csproj", "{4E6C4C02-8746-44FD-8A4A-AA389D980DD7}"
EndProject
Project("{9A19103F-16F7-4668-BE54-9A1E7A4F7556}") = "R5T.L0030", "..\..\R5T.L0030\source\R5T.L0030\R5T.L0030.csproj", "{378432CF-82F8-46F9-96EE-D92A4B7AE1DC}"
EndProject
Project("{9A19103F-16F7-4668-BE54-9A1E7A4F7556}") = "R5T.L0031.T000", "..\..\R5T.L0031\source\R5T.L0031.T000\R5T.L0031.T000.csproj", "{209645C1-E1B6-4164-A5DF-C7D211E7D437}"
EndProject
Project("{9A19103F-16F7-4668-BE54-9A1E7A4F7556}") = "R5T.L0031", "..\..\R5T.L0031\source\R5T.L0031\R5T.L0031.csproj", "{35D9740C-B3B5-4D71-B5A2-A47FA441DC66}"
EndProject
Project("{9A19103F-16F7-4668-BE54-9A1E7A4F7556}") = "R5T.L0032.F000", "..\..\R5T.L0032\source\R5T.L0032.F000\R5T.L0032.F000.csproj", "{A517F9CA-A5E5-43F6-B0BA-87B6BC44BC94}"
EndProject
Project("{9A19103F-16F7-4668-BE54-9A1E7A4F7556}") = "R5T.L0032.T000", "..\..\R5T.L0032\source\R5T.L0032.T000\R5T.L0032.T000.csproj", "{EF20DAF4-A44F-44B4-8858-24CFD9AD82B4}"
EndProject
Project("{9A19103F-16F7-4668-BE54-9A1E7A4F7556}") = "R5T.L0032.Z000", "..\..\R5T.L0032\source\R5T.L0032.Z000\R5T.L0032.Z000.csproj", "{925F8A9A-B4AE-4D62-AEE3-087620F775FF}"
EndProject
Project("{9A19103F-16F7-4668-BE54-9A1E7A4F7556}") = "R5T.L0032", "..\..\R5T.L0032\source\R5T.L0032\R5T.L0032.csproj", "{8145B70C-D866-49C0-9A6F-92263A1993D5}"
EndProject
Project("{9A19103F-16F7-4668-BE54-9A1E7A4F7556}") = "R5T.L0033.T000", "..\..\R5T.L0033\source\R5T.L0033.T000\R5T.L0033.T000.csproj", "{ED043B3A-C4BC-417F-BB52-2C462EB0341A}"
EndProject
Project("{9A19103F-16F7-4668-BE54-9A1E7A4F7556}") = "R5T.L0033.Z001", "..\..\R5T.L0033\source\R5T.L0033.Z001\R5T.L0033.Z001.csproj", "{2CFCDADD-EAEB-4709-A94F-B290C1933194}"
EndProject
Project("{9A19103F-16F7-4668-BE54-9A1E7A4F7556}") = "R5T.L0033.Z002", "..\..\R5T.L0033\source\R5T.L0033.Z002\R5T.L0033.Z002.csproj", "{8F0C5F07-41B3-487D-B197-A0E84CFE3658}"
EndProject
Project("{9A19103F-16F7-4668-BE54-9A1E7A4F7556}") = "R5T.L0033", "..\..\R5T.L0033\source\R5T.L0033\R5T.L0033.csproj", "{69DEFD2A-1D1D-4E69-9522-80CB4D2A59AB}"
EndProject
Project("{9A19103F-16F7-4668-BE54-9A1E7A4F7556}") = "R5T.L0034", "..\..\R5T.L0034\source\R5T.L0034\R5T.L0034.csproj", "{866EC36E-38D2-4147-8E3F-0C29A0896C39}"
EndProject
Project("{9A19103F-16F7-4668-BE54-9A1E7A4F7556}") = "R5T.L0035", "..\..\R5T.L0035\source\R5T.L0035\R5T.L0035.csproj", "{A3104F50-C776-4E33-95FD-D56AD5651277}"
EndProject
Project("{9A19103F-16F7-4668-BE54-9A1E7A4F7556}") = "R5T.L0039.T000", "..\..\R5T.L0039\source\R5T.L0039.T000\R5T.L0039.T000.csproj", "{11EB62B9-35F8-4C4B-ABF6-A54CF9BD590E}"
EndProject
Project("{9A19103F-16F7-4668-BE54-9A1E7A4F7556}") = "R5T.L0040.F000", "..\..\R5T.L0040\source\R5T.L0040.F000\R5T.L0040.F000.csproj", "{07119E5B-BA67-4CD4-B977-AC665F95F841}"
EndProject
Project("{9A19103F-16F7-4668-BE54-9A1E7A4F7556}") = "R5T.L0040.O001", "..\..\R5T.L0040\source\R5T.L0040.O001\R5T.L0040.O001.csproj", "{AF4AC798-CA07-4E3E-8B97-BF45B1591182}"
EndProject
Project("{9A19103F-16F7-4668-BE54-9A1E7A4F7556}") = "R5T.L0040.O002", "..\..\R5T.L0040\source\R5T.L0040.O002\R5T.L0040.O002.csproj", "{84889DFA-05A3-4DA3-89AE-F88B803EB78F}"
EndProject
Project("{9A19103F-16F7-4668-BE54-9A1E7A4F7556}") = "R5T.L0040.T000", "..\..\R5T.L0040\source\R5T.L0040.T000\R5T.L0040.T000.csproj", "{E04F5FAE-6CDE-45C3-B201-E1C6D6EB2E59}"
EndProject
Project("{9A19103F-16F7-4668-BE54-9A1E7A4F7556}") = "R5T.L0040", "..\..\R5T.L0040\source\R5T.L0040\R5T.L0040.csproj", "{00D212BC-EAB4-4C9D-AA83-5ECEE50F7241}"
EndProject
Project("{9A19103F-16F7-4668-BE54-9A1E7A4F7556}") = "R5T.NG0005", "..\..\R5T.NG0005\source\R5T.NG0005\R5T.NG0005.csproj", "{233B06F0-4A2F-40CF-A106-58A1A522C387}"
EndProject
Project("{9A19103F-16F7-4668-BE54-9A1E7A4F7556}") = "R5T.NG0006", "..\..\R5T.NG0006\source\R5T.NG0006\R5T.NG0006.csproj", "{74BF2EC0-8BA0-4D1D-83C1-9D2BD6411F3D}"
EndProject
Project("{9A19103F-16F7-4668-BE54-9A1E7A4F7556}") = "R5T.NG0008", "..\..\R5T.NG0008\source\R5T.NG0008\R5T.NG0008.csproj", "{80B486D7-157E-437A-B9B5-876940A91BBC}"
EndProject
Project("{9A19103F-16F7-4668-BE54-9A1E7A4F7556}") = "R5T.NG0009", "..\..\R5T.NG0009\source\R5T.NG0009\R5T.NG0009.csproj", "{52FFF61E-BDC0-405F-A667-5398387D2A85}"
EndProject
Project("{9A19103F-16F7-4668-BE54-9A1E7A4F7556}") = "R5T.NG0014", "..\..\R5T.NG0014\source\R5T.NG0014\R5T.NG0014.csproj", "{B3FD374E-5676-4F8E-B75C-1B08B1169A1D}"
EndProject
Project("{9A19103F-16F7-4668-BE54-9A1E7A4F7556}") = "R5T.NG0022", "..\..\R5T.NG0022\source\R5T.NG0022\R5T.NG0022.csproj", "{64847C67-F088-4856-86C9-19EB91540B72}"
EndProject
Project("{9A19103F-16F7-4668-BE54-9A1E7A4F7556}") = "R5T.O0003", "..\..\R5T.O0003\source\R5T.O0003\R5T.O0003.csproj", "{F3361F9D-5625-4E70-B94D-16F2DAC72136}"
EndProject
Project("{9A19103F-16F7-4668-BE54-9A1E7A4F7556}") = "R5T.O0004", "..\..\R5T.O0004\source\R5T.O0004\R5T.O0004.csproj", "{32D4DC6A-217F-40C7-8638-B0B88C77BBE9}"
EndProject
Project("{9A19103F-16F7-4668-BE54-9A1E7A4F7556}") = "R5T.O0008", "..\..\R5T.O0008\source\R5T.O0008\R5T.O0008.csproj", "{472B06DB-079D-4B15-AE25-5082A484193F}"
EndProject
Project("{9A19103F-16F7-4668-BE54-9A1E7A4F7556}") = "R5T.T0046", "..\..\R5T.T0046\source\R5T.T0046\R5T.T0046.csproj", "{D2B59B9E-13CE-462E-AF39-BA939A842E91}"
EndProject
Project("{9A19103F-16F7-4668-BE54-9A1E7A4F7556}") = "R5T.T0131", "..\..\R5T.T0131\source\R5T.T0131\R5T.T0131.csproj", "{99E13114-CC1D-478D-AC36-653A96B18218}"
EndProject
Project("{9A19103F-16F7-4668-BE54-9A1E7A4F7556}") = "R5T.T0132", "..\..\R5T.T0132\source\R5T.T0132\R5T.T0132.csproj", "{D535AD6C-72C7-4ADC-ACB8-965A90A70776}"
EndProject
Project("{9A19103F-16F7-4668-BE54-9A1E7A4F7556}") = "R5T.T0137", "..\..\R5T.T0137\source\R5T.T0137\R5T.T0137.csproj", "{B0F9A59B-8BCA-43B6-9705-071BF97D2139}"
EndProject
Project("{9A19103F-16F7-4668-BE54-9A1E7A4F7556}") = "R5T.T0142", "..\..\R5T.T0142\source\R5T.T0142\R5T.T0142.csproj", "{65A2AA96-903E-4D49-803A-EDF253C80997}"
EndProject
Project("{9A19103F-16F7-4668-BE54-9A1E7A4F7556}") = "R5T.T0143", "..\..\R5T.T0143\source\R5T.T0143\R5T.T0143.csproj", "{D12A9DD4-B5A0-43A2-B76C-3487EABC1437}"
EndProject
Project("{9A19103F-16F7-4668-BE54-9A1E7A4F7556}") = "R5T.T0144", "..\..\R5T.T0144\source\R5T.T0144\R5T.T0144.csproj", "{B617C853-23B6-4955-ACF1-F3840825D5B1}"
EndProject
Project("{9A19103F-16F7-4668-BE54-9A1E7A4F7556}") = "R5T.T0150", "..\..\R5T.T0150\source\R5T.T0150\R5T.T0150.csproj", "{58738569-2029-40F4-A8D2-B4F8CA3D0D7D}"
EndProject
Project("{9A19103F-16F7-4668-BE54-9A1E7A4F7556}") = "R5T.T0151", "..\..\R5T.T0151\source\R5T.T0151\R5T.T0151.csproj", "{D2D060E0-BFB2-4671-A312-0707F64C12DD}"
EndProject
Project("{9A19103F-16F7-4668-BE54-9A1E7A4F7556}") = "R5T.T0152", "..\..\R5T.T0152\source\R5T.T0152\R5T.T0152.csproj", "{F11508D7-EACB-4D40-8F7E-367B3BC6A3C1}"
EndProject
Project("{9A19103F-16F7-4668-BE54-9A1E7A4F7556}") = "R5T.T0154", "..\..\R5T.T0154\source\R5T.T0154\R5T.T0154.csproj", "{E7AE974B-F2C5-45A8-89FE-817C6909FFFF}"
EndProject
Project("{9A19103F-16F7-4668-BE54-9A1E7A4F7556}") = "R5T.T0156", "..\..\R5T.T0156\source\R5T.T0156\R5T.T0156.csproj", "{E0E83440-3250-4219-893D-8563686EC73E}"
EndProject
Project("{9A19103F-16F7-4668-BE54-9A1E7A4F7556}") = "R5T.T0158", "..\..\R5T.T0158\source\R5T.T0158\R5T.T0158.csproj", "{DD7FC8A1-6EF5-48FE-95E2-539A2F6E1A66}"
EndProject
Project("{9A19103F-16F7-4668-BE54-9A1E7A4F7556}") = "R5T.T0159", "..\..\R5T.T0159\source\R5T.T0159\R5T.T0159.csproj", "{FE12D118-3C52-4F7D-AD22-A1115B5D602F}"
EndProject
Project("{9A19103F-16F7-4668-BE54-9A1E7A4F7556}") = "R5T.T0161", "..\..\R5T.T0161\source\R5T.T0161\R5T.T0161.csproj", "{DE22651B-C129-4DAC-A37D-3B6BBE84E4DD}"
EndProject
Project("{9A19103F-16F7-4668-BE54-9A1E7A4F7556}") = "R5T.T0172", "..\..\R5T.T0172\source\R5T.T0172\R5T.T0172.csproj", "{E787A715-37A1-40CE-B6BA-6DCD93DC59B1}"
EndProject
Project("{9A19103F-16F7-4668-BE54-9A1E7A4F7556}") = "R5T.T0174", "..\..\R5T.T0174\source\R5T.T0174\R5T.T0174.csproj", "{5D80D9FF-7BDD-430C-BE30-A3428A2C5DC4}"
EndProject
Project("{9A19103F-16F7-4668-BE54-9A1E7A4F7556}") = "R5T.T0176", "..\..\R5T.T0176\source\R5T.T0176\R5T.T0176.csproj", "{F6B92BD1-2F81-4EC8-A3E7-A86A07A5573B}"
EndProject
Project("{9A19103F-16F7-4668-BE54-9A1E7A4F7556}") = "R5T.T0177", "..\..\R5T.T0177\source\R5T.T0177\R5T.T0177.csproj", "{4220137B-6185-49EF-9286-BBCE2EAD3CB0}"
EndProject
Project("{9A19103F-16F7-4668-BE54-9A1E7A4F7556}") = "R5T.T0178", "..\..\R5T.T0178\source\R5T.T0178\R5T.T0178.csproj", "{A46BED00-3389-4274-A237-B61953291C18}"
EndProject
Project("{9A19103F-16F7-4668-BE54-9A1E7A4F7556}") = "R5T.T0179", "..\..\R5T.T0179\source\R5T.T0179\R5T.T0179.csproj", "{3A53968A-C6CB-4D03-8C46-F0C0CBF82E5C}"
EndProject
Project("{9A19103F-16F7-4668-BE54-9A1E7A4F7556}") = "R5T.T0180", "..\..\R5T.T0180\source\R5T.T0180\R5T.T0180.csproj", "{1840BDF9-E023-480D-ABCB-F4FED6E9D2C0}"
EndProject
Project("{9A19103F-16F7-4668-BE54-9A1E7A4F7556}") = "R5T.T0181", "..\..\R5T.T0181\source\R5T.T0181\R5T.T0181.csproj", "{3917819B-65A3-4261-8383-8E4B1F744B27}"
EndProject
Project("{9A19103F-16F7-4668-BE54-9A1E7A4F7556}") = "R5T.T0185", "..\..\R5T.T0185\source\R5T.T0185\R5T.T0185.csproj", "{2946A705-BB30-4460-AB53-DF7825ADA1A1}"
EndProject
Project("{9A19103F-16F7-4668-BE54-9A1E7A4F7556}") = "R5T.T0187", "..\..\R5T.T0187\source\R5T.T0187\R5T.T0187.csproj", "{738ED2F3-264B-4029-8217-1E5778C1CBD9}"
EndProject
Project("{9A19103F-16F7-4668-BE54-9A1E7A4F7556}") = "R5T.T0188", "..\..\R5T.T0188\source\R5T.T0188\R5T.T0188.csproj", "{E2541A55-5D43-4488-9DD7-0CDCAF60132E}"
EndProject
Project("{9A19103F-16F7-4668-BE54-9A1E7A4F7556}") = "R5T.T0193", "..\..\R5T.T0193\source\R5T.T0193\R5T.T0193.csproj", "{E3E720FA-1D66-489C-940A-39FF75B579B9}"
EndProject
Project("{9A19103F-16F7-4668-BE54-9A1E7A4F7556}") = "R5T.T0194", "..\..\R5T.T0194\source\R5T.T0194\R5T.T0194.csproj", "{E7060E47-2852-415D-80AE-4D0935D24311}"
EndProject
Project("{9A19103F-16F7-4668-BE54-9A1E7A4F7556}") = "R5T.T0195", "..\..\R5T.T0195\source\R5T.T0195\R5T.T0195.csproj", "{5FAC45FB-97CF-4663-A15E-A91D77078566}"
EndProject
Project("{9A19103F-16F7-4668-BE54-9A1E7A4F7556}") = "R5T.T0198", "..\..\R5T.T0198\source\R5T.T0198\R5T.T0198.csproj", "{E6D583F2-2827-4743-9BAC-84D7BBE08BDC}"
EndProject
Project("{9A19103F-16F7-4668-BE54-9A1E7A4F7556}") = "R5T.T0202", "..\..\R5T.T0202\source\R5T.T0202\R5T.T0202.csproj", "{058778D1-5486-40B0-9C7D-5C1FD4597F6D}"
EndProject
Project("{9A19103F-16F7-4668-BE54-9A1E7A4F7556}") = "R5T.T0203", "..\..\R5T.T0203\source\R5T.T0203\R5T.T0203.csproj", "{5B5E00F7-F232-42E6-812C-79B2FBFC0FF6}"
EndProject
Project("{9A19103F-16F7-4668-BE54-9A1E7A4F7556}") = "R5T.T0205", "..\..\R5T.T0205\source\R5T.T0205\R5T.T0205.csproj", "{22F9563A-C40D-483D-871F-5CB76FA6FF2D}"
EndProject
Project("{9A19103F-16F7-4668-BE54-9A1E7A4F7556}") = "R5T.T0206", "..\..\R5T.T0206\source\R5T.T0206\R5T.T0206.csproj", "{0E6F1EC3-AE60-4581-9CF7-A033F1BC76D3}"
EndProject
Project("{9A19103F-16F7-4668-BE54-9A1E7A4F7556}") = "R5T.T0208", "..\..\R5T.T0208\source\R5T.T0208\R5T.T0208.csproj", "{7CA59CF4-600D-41C4-A43A-BFB6BDA1A1B5}"
EndProject
Project("{9A19103F-16F7-4668-BE54-9A1E7A4F7556}") = "R5T.T0209", "..\..\R5T.T0209\source\R5T.T0209\R5T.T0209.csproj", "{CE90C2EE-9570-474B-B3CB-B0DD8D745E41}"
EndProject
Project("{9A19103F-16F7-4668-BE54-9A1E7A4F7556}") = "R5T.T0210", "..\..\R5T.T0210\source\R5T.T0210\R5T.T0210.csproj", "{85775424-6732-401A-B3C6-0C6FFFF1FF98}"
EndProject
Project("{9A19103F-16F7-4668-BE54-9A1E7A4F7556}") = "R5T.Y0000", "..\..\R5T.Y0000\source\R5T.Y0000\R5T.Y0000.csproj", "{167521EC-2916-4B46-AEC8-F04FCBE98C45}"
EndProject
Project("{9A19103F-16F7-4668-BE54-9A1E7A4F7556}") = "R5T.Y0004", "..\..\R5T.Y0004\source\R5T.Y0004\R5T.Y0004.csproj", "{56A9D0D3-4F73-4DF1-BA7A-9912B397671A}"
EndProject
Project("{9A19103F-16F7-4668-BE54-9A1E7A4F7556}") = "R5T.Z0000", "..\..\R5T.Z0000\source\R5T.Z0000\R5T.Z0000.csproj", "{5C3EDB76-5BF7-49BB-8C95-47489D79400F}"
EndProject
Project("{9A19103F-16F7-4668-BE54-9A1E7A4F7556}") = "R5T.Z0005", "..\..\R5T.Z0005\source\R5T.Z0005\R5T.Z0005.csproj", "{CDDD8A70-4E68-4766-A044-B5119CD9CAE0}"
EndProject
Project("{9A19103F-16F7-4668-BE54-9A1E7A4F7556}") = "R5T.Z0009", "..\..\R5T.Z0009\source\R5T.Z0009\R5T.Z0009.csproj", "{9C01A533-6983-4DA4-B1A9-B597962F700C}"
EndProject
Project("{9A19103F-16F7-4668-BE54-9A1E7A4F7556}") = "R5T.Z0013", "..\..\R5T.Z0013\source\R5T.Z0013\R5T.Z0013.csproj", "{1DA95D5D-E1A6-4F5B-B36A-A67ED9F25215}"
EndProject
Project("{9A19103F-16F7-4668-BE54-9A1E7A4F7556}") = "R5T.Z0036", "..\..\R5T.Z0036\source\R5T.Z0036\R5T.Z0036.csproj", "{D9788CA9-A98B-4196-AF23-3812FC7905D4}"
EndProject
Project("{9A19103F-16F7-4668-BE54-9A1E7A4F7556}") = "R5T.Z0044.Z001", "..\..\R5T.Z0044\source\R5T.Z0044.Z001\R5T.Z0044.Z001.csproj", "{A13DE45D-E53F-4089-B170-72CA13200222}"
EndProject
Project("{9A19103F-16F7-4668-BE54-9A1E7A4F7556}") = "R5T.Z0045", "..\..\R5T.Z0045\source\R5T.Z0045\R5T.Z0045.csproj", "{68CCD1E6-12E8-4B24-B996-05C29142DD26}"
EndProject
Project("{9A19103F-16F7-4668-BE54-9A1E7A4F7556}") = "R5T.Z0048", "..\..\R5T.Z0048\source\R5T.Z0048\R5T.Z0048.csproj", "{DACD76E8-C339-4E21-8DF5-806F4288A7EA}"
EndProject
Project("{9A19103F-16F7-4668-BE54-9A1E7A4F7556}") = "R5T.Z0050", "..\..\R5T.Z0050\source\R5T.Z0050\R5T.Z0050.csproj", "{49FD19F9-860B-428B-8562-7B87C278267E}"
EndProject
Project("{9A19103F-16F7-4668-BE54-9A1E7A4F7556}") = "R5T.Z0051", "..\..\R5T.Z0051\source\R5T.Z0051\R5T.Z0051.csproj", "{2469CE40-929C-4F4D-AA6C-6745042CCD96}"
EndProject
Project("{9A19103F-16F7-4668-BE54-9A1E7A4F7556}") = "R5T.O0011.O001", "R5T.O0011.O001\R5T.O0011.O001.csproj", "{377F2891-C1CF-4DAD-A39F-10B3FDFE51CC}"
EndProject
Project("{9A19103F-16F7-4668-BE54-9A1E7A4F7556}") = "R5T.T0184", "..\..\R5T.T0184\source\R5T.T0184\R5T.T0184.csproj", "{EBEAA4FB-B55F-4AF9-A1D4-76C98B17BB99}"
EndProject
Project("{9A19103F-16F7-4668-BE54-9A1E7A4F7556}") = "R5T.T0186", "..\..\R5T.T0186\source\R5T.T0186\R5T.T0186.csproj", "{75D83ECF-AD7C-4C4A-BC44-CF450549D418}"
EndProject
Project("{9A19103F-16F7-4668-BE54-9A1E7A4F7556}") = "R5T.T0196", "..\..\R5T.T0196\source\R5T.T0196\R5T.T0196.csproj", "{A884D614-FC59-416E-9DA6-302F2F5BEF57}"
EndProject
Project("{9A19103F-16F7-4668-BE54-9A1E7A4F7556}") = "R5T.T0197", "..\..\R5T.T0197\source\R5T.T0197\R5T.T0197.csproj", "{868D82A2-A602-4FEC-9DE0-C1E1412E603E}"
EndProject
Project("{9A19103F-16F7-4668-BE54-9A1E7A4F7556}") = "R5T.T0200", "..\..\R5T.T0200\source\R5T.T0200\R5T.T0200.csproj", "{1FBEEE50-C805-479A-92DD-12B76077F2B6}"
EndProject
Project("{9A19103F-16F7-4668-BE54-9A1E7A4F7556}") = "R5T.Z0046", "..\..\R5T.Z0046\source\R5T.Z0046\R5T.Z0046.csproj", "{0473ECC0-0F6A-4698-BF67-5B7E97C64041}"
EndProject
Project("{9A19103F-16F7-4668-BE54-9A1E7A4F7556}") = "R5T.T0141", "..\..\R5T.T0141\source\R5T.T0141\R5T.T0141.csproj", "{55B7D4AB-FDEC-4F18-8187-9569F40D5D06}"
EndProject
Project("{9A19103F-16F7-4668-BE54-9A1E7A4F7556}") = "R5T.F0035.F001", "..\..\R5T.F0035\source\R5T.F0035.F001\R5T.F0035.F001.csproj", "{2D5CD398-C87A-49A8-8BA2-10F5230720B1}"
EndProject
Project("{9A19103F-16F7-4668-BE54-9A1E7A4F7556}") = "R5T.F0059", "..\..\R5T.F0059\source\R5T.F0059\R5T.F0059.csproj", "{A9DF1D58-3595-49AE-95E5-8E6F0F59185E}"
EndProject
Project("{9A19103F-16F7-4668-BE54-9A1E7A4F7556}") = "R5T.F0126", "..\..\R5T.F0126\source\R5T.F0126\R5T.F0126.csproj", "{1C80D46B-18A2-47BD-A9AB-4AE959BDE18C}"
EndProject
Project("{9A19103F-16F7-4668-BE54-9A1E7A4F7556}") = "R5T.L0038", "..\..\R5T.L0038\source\R5T.L0038\R5T.L0038.csproj", "{70E2705B-AEB9-4249-B1A4-3846435DAE75}"
EndProject
Project("{9A19103F-16F7-4668-BE54-9A1E7A4F7556}") = "R5T.NG0002", "..\..\R5T.NG0002\source\R5T.NG0002\R5T.NG0002.csproj", "{0711B3F9-4767-4988-B3D9-388FA0FFF11A}"
EndProject
Project("{9A19103F-16F7-4668-BE54-9A1E7A4F7556}") = "R5T.NG0007", "..\..\R5T.NG0007\source\R5T.NG0007\R5T.NG0007.csproj", "{E597AFEF-0BA1-48D0-B23D-F5F42516086E}"
EndProject
Project("{9A19103F-16F7-4668-BE54-9A1E7A4F7556}") = "R5T.T0148", "..\..\R5T.T0148\source\R5T.T0148\R5T.T0148.csproj", "{C472FA9D-CC5D-47ED-839E-DD25042ED1C7}"
EndProject
Project("{9A19103F-16F7-4668-BE54-9A1E7A4F7556}") = "R5T.T0158.F000", "..\..\R5T.T0158\source\R5T.T0158.F000\R5T.T0158.F000.csproj", "{6511833D-526A-4356-809E-567856E34817}"
EndProject
Project("{9A19103F-16F7-4668-BE54-9A1E7A4F7556}") = "R5T.T0158.T000", "..\..\R5T.T0158\source\R5T.T0158.T000\R5T.T0158.T000.csproj", "{0AD817B8-BB9E-4E68-8895-47889D93DDA1}"
EndProject
Project("{9A19103F-16F7-4668-BE54-9A1E7A4F7556}") = "R5T.T0159.F000", "..\..\R5T.T0159\source\R5T.T0159.F000\R5T.T0159.F000.csproj", "{4018F05F-3765-42C7-A278-1074ADA02B26}"
EndProject
Project("{9A19103F-16F7-4668-BE54-9A1E7A4F7556}") = "R5T.T0175", "..\..\R5T.T0175\source\R5T.T0175\R5T.T0175.csproj", "{A7A57CDB-3138-4825-9EEE-144F7B6781F8}"
EndProject
Project("{9A19103F-16F7-4668-BE54-9A1E7A4F7556}") = "R5T.T0189", "..\..\R5T.T0189\source\R5T.T0189\R5T.T0189.csproj", "{E34A256B-CA54-466F-B1D0-B4A84DC6147E}"
EndProject
Project("{9A19103F-16F7-4668-BE54-9A1E7A4F7556}") = "R5T.T0190", "..\..\R5T.T0190\source\R5T.T0190\R5T.T0190.csproj", "{1612F812-5937-42EE-BFA8-222BD69E01D3}"
EndProject
Project("{9A19103F-16F7-4668-BE54-9A1E7A4F7556}") = "R5T.T0191", "..\..\R5T.T0191\source\R5T.T0191\R5T.T0191.csproj", "{15FCD135-D63F-44F8-BE2E-16A2E627CC6F}"
EndProject
Project("{9A19103F-16F7-4668-BE54-9A1E7A4F7556}") = "R5T.T0192", "..\..\R5T.T0192\source\R5T.T0192\R5T.T0192.csproj", "{C67F2B1D-C830-424D-8B64-0B94C47F4522}"
EndProject
Project("{9A19103F-16F7-4668-BE54-9A1E7A4F7556}") = "R5T.F0033", "..\..\R5T.F0033\source\R5T.F0033\R5T.F0033.csproj", "{E74D8B5E-2CD7-4B2C-805B-90E7973F1D35}"
EndProject
Project("{9A19103F-16F7-4668-BE54-9A1E7A4F7556}") = "R5T.F0088", "..\..\R5T.F0088\source\R5T.F0088\R5T.F0088.csproj", "{A1023D60-CD6A-40DE-9D95-6E03E9DBC793}"
EndProject
Global
	GlobalSection(NestedProjects) = preSolution
		{3443EAB6-B8C9-4E3E-9BE8-4433EA0F7DBF} = {DF0A4706-5577-42F5-94AB-49B9CD6C0B30}
		{6EA775FE-7242-4381-A129-922296EC90F1} = {DF0A4706-5577-42F5-94AB-49B9CD6C0B30}
		{5762244F-D77E-46D0-9763-C1AEBF9350B4} = {DF0A4706-5577-42F5-94AB-49B9CD6C0B30}
		{6A33EBD2-A83C-4371-B3DB-42E4494A8E5B} = {DF0A4706-5577-42F5-94AB-49B9CD6C0B30}
		{F3C27371-C56A-425C-B349-2D0C7D748162} = {DF0A4706-5577-42F5-94AB-49B9CD6C0B30}
		{4084DC40-1774-4864-B565-249D953F23A8} = {DF0A4706-5577-42F5-94AB-49B9CD6C0B30}
		{D5F03AD9-6E9E-410C-851E-973594FA7833} = {DF0A4706-5577-42F5-94AB-49B9CD6C0B30}
		{4C4A85CF-C0A5-49DE-854D-94E29A2B6A08} = {DF0A4706-5577-42F5-94AB-49B9CD6C0B30}
		{0C6E39F1-1CD0-46EC-9340-343E6865B2A6} = {DF0A4706-5577-42F5-94AB-49B9CD6C0B30}
		{D42AF29D-0872-4B14-86BC-182C0F227CBC} = {DF0A4706-5577-42F5-94AB-49B9CD6C0B30}
		{730D55DA-3DD2-42CA-9053-E5E5C3786658} = {DF0A4706-5577-42F5-94AB-49B9CD6C0B30}
		{0D8144EA-C022-488A-B3C0-CD61D05925EF} = {DF0A4706-5577-42F5-94AB-49B9CD6C0B30}
		{B8EE001F-FD38-44A2-AA40-4F8BAFB43BF9} = {DF0A4706-5577-42F5-94AB-49B9CD6C0B30}
		{008207D1-853E-4CC7-9767-5DAF07308BC9} = {DF0A4706-5577-42F5-94AB-49B9CD6C0B30}
		{2E93F070-2B6B-442E-A570-2A9F5167C06C} = {DF0A4706-5577-42F5-94AB-49B9CD6C0B30}
		{C3DC3226-1C21-4F52-819B-9C5DED526576} = {DF0A4706-5577-42F5-94AB-49B9CD6C0B30}
		{E3B11DE8-AB28-405C-AA5C-E824A73C1645} = {DF0A4706-5577-42F5-94AB-49B9CD6C0B30}
		{59682C53-AB7E-4986-AA9E-FE5B620A9009} = {DF0A4706-5577-42F5-94AB-49B9CD6C0B30}
		{BB2B43BD-A61D-4237-BF17-D80D5526FB37} = {DF0A4706-5577-42F5-94AB-49B9CD6C0B30}
		{AA4A6604-67CC-41FE-9A67-96371E83A3EC} = {DF0A4706-5577-42F5-94AB-49B9CD6C0B30}
		{0BF5F4E7-68E0-4F32-B55E-7B522F1C0A22} = {DF0A4706-5577-42F5-94AB-49B9CD6C0B30}
		{74B377E8-81C1-47CB-B3B0-21243E152C44} = {DF0A4706-5577-42F5-94AB-49B9CD6C0B30}
		{A48CB427-E30E-4F6F-B276-3ECB017232E7} = {DF0A4706-5577-42F5-94AB-49B9CD6C0B30}
		{1BF04303-EA9A-4FDD-A22A-812D4C5DFF53} = {DF0A4706-5577-42F5-94AB-49B9CD6C0B30}
		{D5601552-D87C-4AB6-8E3F-A39273670CF7} = {DF0A4706-5577-42F5-94AB-49B9CD6C0B30}
		{53DC0A94-FD18-438C-8DB4-4FC9C445DD01} = {DF0A4706-5577-42F5-94AB-49B9CD6C0B30}
		{56423707-0B20-4BCC-BD35-C84B35D2674C} = {DF0A4706-5577-42F5-94AB-49B9CD6C0B30}
		{54B33895-67B1-4318-A111-602106084051} = {DF0A4706-5577-42F5-94AB-49B9CD6C0B30}
		{45F082B7-CAF5-4D86-A753-F5F4BA024531} = {DF0A4706-5577-42F5-94AB-49B9CD6C0B30}
		{7046CAD1-F6C4-4560-BE69-9BEA49226447} = {DF0A4706-5577-42F5-94AB-49B9CD6C0B30}
		{759BE6FB-889E-40F3-A333-079871B239A2} = {DF0A4706-5577-42F5-94AB-49B9CD6C0B30}
		{362833B5-A254-47BA-92A4-12C887FD11C7} = {DF0A4706-5577-42F5-94AB-49B9CD6C0B30}
		{A82279C4-8B36-4422-9202-8A220A7AD61F} = {DF0A4706-5577-42F5-94AB-49B9CD6C0B30}
		{B60DD987-B9D9-4BA6-A655-E03ABE71A65F} = {DF0A4706-5577-42F5-94AB-49B9CD6C0B30}
		{DB57B323-43BC-4EAD-8E1F-00BF5BC0F1B7} = {DF0A4706-5577-42F5-94AB-49B9CD6C0B30}
		{75E30F42-09DD-4A8A-BF09-130D7E58BA2B} = {DF0A4706-5577-42F5-94AB-49B9CD6C0B30}
		{68097A89-EEE8-4036-BD23-C92E1F0145E0} = {DF0A4706-5577-42F5-94AB-49B9CD6C0B30}
		{B6929224-2626-4670-9825-F2AE71BC6F84} = {DF0A4706-5577-42F5-94AB-49B9CD6C0B30}
		{DB4CB952-105B-4933-84A3-070970F9FA7C} = {DF0A4706-5577-42F5-94AB-49B9CD6C0B30}
		{1FBD13ED-43EB-44E8-94FB-121CEB93C01A} = {DF0A4706-5577-42F5-94AB-49B9CD6C0B30}
		{9A7A1F97-899A-4621-9BC0-28BFAF1A55F0} = {DF0A4706-5577-42F5-94AB-49B9CD6C0B30}
		{4E6C4C02-8746-44FD-8A4A-AA389D980DD7} = {DF0A4706-5577-42F5-94AB-49B9CD6C0B30}
		{378432CF-82F8-46F9-96EE-D92A4B7AE1DC} = {DF0A4706-5577-42F5-94AB-49B9CD6C0B30}
		{209645C1-E1B6-4164-A5DF-C7D211E7D437} = {DF0A4706-5577-42F5-94AB-49B9CD6C0B30}
		{35D9740C-B3B5-4D71-B5A2-A47FA441DC66} = {DF0A4706-5577-42F5-94AB-49B9CD6C0B30}
		{A517F9CA-A5E5-43F6-B0BA-87B6BC44BC94} = {DF0A4706-5577-42F5-94AB-49B9CD6C0B30}
		{EF20DAF4-A44F-44B4-8858-24CFD9AD82B4} = {DF0A4706-5577-42F5-94AB-49B9CD6C0B30}
		{925F8A9A-B4AE-4D62-AEE3-087620F775FF} = {DF0A4706-5577-42F5-94AB-49B9CD6C0B30}
		{8145B70C-D866-49C0-9A6F-92263A1993D5} = {DF0A4706-5577-42F5-94AB-49B9CD6C0B30}
		{ED043B3A-C4BC-417F-BB52-2C462EB0341A} = {DF0A4706-5577-42F5-94AB-49B9CD6C0B30}
		{2CFCDADD-EAEB-4709-A94F-B290C1933194} = {DF0A4706-5577-42F5-94AB-49B9CD6C0B30}
		{8F0C5F07-41B3-487D-B197-A0E84CFE3658} = {DF0A4706-5577-42F5-94AB-49B9CD6C0B30}
		{69DEFD2A-1D1D-4E69-9522-80CB4D2A59AB} = {DF0A4706-5577-42F5-94AB-49B9CD6C0B30}
		{866EC36E-38D2-4147-8E3F-0C29A0896C39} = {DF0A4706-5577-42F5-94AB-49B9CD6C0B30}
		{A3104F50-C776-4E33-95FD-D56AD5651277} = {DF0A4706-5577-42F5-94AB-49B9CD6C0B30}
		{11EB62B9-35F8-4C4B-ABF6-A54CF9BD590E} = {DF0A4706-5577-42F5-94AB-49B9CD6C0B30}
		{07119E5B-BA67-4CD4-B977-AC665F95F841} = {DF0A4706-5577-42F5-94AB-49B9CD6C0B30}
		{AF4AC798-CA07-4E3E-8B97-BF45B1591182} = {DF0A4706-5577-42F5-94AB-49B9CD6C0B30}
		{84889DFA-05A3-4DA3-89AE-F88B803EB78F} = {DF0A4706-5577-42F5-94AB-49B9CD6C0B30}
		{E04F5FAE-6CDE-45C3-B201-E1C6D6EB2E59} = {DF0A4706-5577-42F5-94AB-49B9CD6C0B30}
		{00D212BC-EAB4-4C9D-AA83-5ECEE50F7241} = {DF0A4706-5577-42F5-94AB-49B9CD6C0B30}
		{233B06F0-4A2F-40CF-A106-58A1A522C387} = {DF0A4706-5577-42F5-94AB-49B9CD6C0B30}
		{74BF2EC0-8BA0-4D1D-83C1-9D2BD6411F3D} = {DF0A4706-5577-42F5-94AB-49B9CD6C0B30}
		{80B486D7-157E-437A-B9B5-876940A91BBC} = {DF0A4706-5577-42F5-94AB-49B9CD6C0B30}
		{52FFF61E-BDC0-405F-A667-5398387D2A85} = {DF0A4706-5577-42F5-94AB-49B9CD6C0B30}
		{B3FD374E-5676-4F8E-B75C-1B08B1169A1D} = {DF0A4706-5577-42F5-94AB-49B9CD6C0B30}
		{64847C67-F088-4856-86C9-19EB91540B72} = {DF0A4706-5577-42F5-94AB-49B9CD6C0B30}
		{F3361F9D-5625-4E70-B94D-16F2DAC72136} = {DF0A4706-5577-42F5-94AB-49B9CD6C0B30}
		{32D4DC6A-217F-40C7-8638-B0B88C77BBE9} = {DF0A4706-5577-42F5-94AB-49B9CD6C0B30}
		{472B06DB-079D-4B15-AE25-5082A484193F} = {DF0A4706-5577-42F5-94AB-49B9CD6C0B30}
		{D2B59B9E-13CE-462E-AF39-BA939A842E91} = {DF0A4706-5577-42F5-94AB-49B9CD6C0B30}
		{99E13114-CC1D-478D-AC36-653A96B18218} = {DF0A4706-5577-42F5-94AB-49B9CD6C0B30}
		{D535AD6C-72C7-4ADC-ACB8-965A90A70776} = {DF0A4706-5577-42F5-94AB-49B9CD6C0B30}
		{B0F9A59B-8BCA-43B6-9705-071BF97D2139} = {DF0A4706-5577-42F5-94AB-49B9CD6C0B30}
		{65A2AA96-903E-4D49-803A-EDF253C80997} = {DF0A4706-5577-42F5-94AB-49B9CD6C0B30}
		{D12A9DD4-B5A0-43A2-B76C-3487EABC1437} = {DF0A4706-5577-42F5-94AB-49B9CD6C0B30}
		{B617C853-23B6-4955-ACF1-F3840825D5B1} = {DF0A4706-5577-42F5-94AB-49B9CD6C0B30}
		{58738569-2029-40F4-A8D2-B4F8CA3D0D7D} = {DF0A4706-5577-42F5-94AB-49B9CD6C0B30}
		{D2D060E0-BFB2-4671-A312-0707F64C12DD} = {DF0A4706-5577-42F5-94AB-49B9CD6C0B30}
		{F11508D7-EACB-4D40-8F7E-367B3BC6A3C1} = {DF0A4706-5577-42F5-94AB-49B9CD6C0B30}
		{E7AE974B-F2C5-45A8-89FE-817C6909FFFF} = {DF0A4706-5577-42F5-94AB-49B9CD6C0B30}
		{E0E83440-3250-4219-893D-8563686EC73E} = {DF0A4706-5577-42F5-94AB-49B9CD6C0B30}
		{DD7FC8A1-6EF5-48FE-95E2-539A2F6E1A66} = {DF0A4706-5577-42F5-94AB-49B9CD6C0B30}
		{FE12D118-3C52-4F7D-AD22-A1115B5D602F} = {DF0A4706-5577-42F5-94AB-49B9CD6C0B30}
		{DE22651B-C129-4DAC-A37D-3B6BBE84E4DD} = {DF0A4706-5577-42F5-94AB-49B9CD6C0B30}
		{E787A715-37A1-40CE-B6BA-6DCD93DC59B1} = {DF0A4706-5577-42F5-94AB-49B9CD6C0B30}
		{5D80D9FF-7BDD-430C-BE30-A3428A2C5DC4} = {DF0A4706-5577-42F5-94AB-49B9CD6C0B30}
		{F6B92BD1-2F81-4EC8-A3E7-A86A07A5573B} = {DF0A4706-5577-42F5-94AB-49B9CD6C0B30}
		{4220137B-6185-49EF-9286-BBCE2EAD3CB0} = {DF0A4706-5577-42F5-94AB-49B9CD6C0B30}
		{A46BED00-3389-4274-A237-B61953291C18} = {DF0A4706-5577-42F5-94AB-49B9CD6C0B30}
		{3A53968A-C6CB-4D03-8C46-F0C0CBF82E5C} = {DF0A4706-5577-42F5-94AB-49B9CD6C0B30}
		{1840BDF9-E023-480D-ABCB-F4FED6E9D2C0} = {DF0A4706-5577-42F5-94AB-49B9CD6C0B30}
		{3917819B-65A3-4261-8383-8E4B1F744B27} = {DF0A4706-5577-42F5-94AB-49B9CD6C0B30}
		{2946A705-BB30-4460-AB53-DF7825ADA1A1} = {DF0A4706-5577-42F5-94AB-49B9CD6C0B30}
		{738ED2F3-264B-4029-8217-1E5778C1CBD9} = {DF0A4706-5577-42F5-94AB-49B9CD6C0B30}
		{E2541A55-5D43-4488-9DD7-0CDCAF60132E} = {DF0A4706-5577-42F5-94AB-49B9CD6C0B30}
		{E3E720FA-1D66-489C-940A-39FF75B579B9} = {DF0A4706-5577-42F5-94AB-49B9CD6C0B30}
		{E7060E47-2852-415D-80AE-4D0935D24311} = {DF0A4706-5577-42F5-94AB-49B9CD6C0B30}
		{5FAC45FB-97CF-4663-A15E-A91D77078566} = {DF0A4706-5577-42F5-94AB-49B9CD6C0B30}
		{E6D583F2-2827-4743-9BAC-84D7BBE08BDC} = {DF0A4706-5577-42F5-94AB-49B9CD6C0B30}
		{058778D1-5486-40B0-9C7D-5C1FD4597F6D} = {DF0A4706-5577-42F5-94AB-49B9CD6C0B30}
		{5B5E00F7-F232-42E6-812C-79B2FBFC0FF6} = {DF0A4706-5577-42F5-94AB-49B9CD6C0B30}
		{22F9563A-C40D-483D-871F-5CB76FA6FF2D} = {DF0A4706-5577-42F5-94AB-49B9CD6C0B30}
		{0E6F1EC3-AE60-4581-9CF7-A033F1BC76D3} = {DF0A4706-5577-42F5-94AB-49B9CD6C0B30}
		{7CA59CF4-600D-41C4-A43A-BFB6BDA1A1B5} = {DF0A4706-5577-42F5-94AB-49B9CD6C0B30}
		{CE90C2EE-9570-474B-B3CB-B0DD8D745E41} = {DF0A4706-5577-42F5-94AB-49B9CD6C0B30}
		{85775424-6732-401A-B3C6-0C6FFFF1FF98} = {DF0A4706-5577-42F5-94AB-49B9CD6C0B30}
		{167521EC-2916-4B46-AEC8-F04FCBE98C45} = {DF0A4706-5577-42F5-94AB-49B9CD6C0B30}
		{56A9D0D3-4F73-4DF1-BA7A-9912B397671A} = {DF0A4706-5577-42F5-94AB-49B9CD6C0B30}
		{5C3EDB76-5BF7-49BB-8C95-47489D79400F} = {DF0A4706-5577-42F5-94AB-49B9CD6C0B30}
		{CDDD8A70-4E68-4766-A044-B5119CD9CAE0} = {DF0A4706-5577-42F5-94AB-49B9CD6C0B30}
		{9C01A533-6983-4DA4-B1A9-B597962F700C} = {DF0A4706-5577-42F5-94AB-49B9CD6C0B30}
		{1DA95D5D-E1A6-4F5B-B36A-A67ED9F25215} = {DF0A4706-5577-42F5-94AB-49B9CD6C0B30}
		{D9788CA9-A98B-4196-AF23-3812FC7905D4} = {DF0A4706-5577-42F5-94AB-49B9CD6C0B30}
		{A13DE45D-E53F-4089-B170-72CA13200222} = {DF0A4706-5577-42F5-94AB-49B9CD6C0B30}
		{68CCD1E6-12E8-4B24-B996-05C29142DD26} = {DF0A4706-5577-42F5-94AB-49B9CD6C0B30}
		{DACD76E8-C339-4E21-8DF5-806F4288A7EA} = {DF0A4706-5577-42F5-94AB-49B9CD6C0B30}
		{49FD19F9-860B-428B-8562-7B87C278267E} = {DF0A4706-5577-42F5-94AB-49B9CD6C0B30}
		{2469CE40-929C-4F4D-AA6C-6745042CCD96} = {DF0A4706-5577-42F5-94AB-49B9CD6C0B30}
		{EBEAA4FB-B55F-4AF9-A1D4-76C98B17BB99} = {DF0A4706-5577-42F5-94AB-49B9CD6C0B30}
		{75D83ECF-AD7C-4C4A-BC44-CF450549D418} = {DF0A4706-5577-42F5-94AB-49B9CD6C0B30}
		{A884D614-FC59-416E-9DA6-302F2F5BEF57} = {DF0A4706-5577-42F5-94AB-49B9CD6C0B30}
		{868D82A2-A602-4FEC-9DE0-C1E1412E603E} = {DF0A4706-5577-42F5-94AB-49B9CD6C0B30}
		{1FBEEE50-C805-479A-92DD-12B76077F2B6} = {DF0A4706-5577-42F5-94AB-49B9CD6C0B30}
		{0473ECC0-0F6A-4698-BF67-5B7E97C64041} = {DF0A4706-5577-42F5-94AB-49B9CD6C0B30}
		{55B7D4AB-FDEC-4F18-8187-9569F40D5D06} = {DF0A4706-5577-42F5-94AB-49B9CD6C0B30}
		{2D5CD398-C87A-49A8-8BA2-10F5230720B1} = {DF0A4706-5577-42F5-94AB-49B9CD6C0B30}
		{A9DF1D58-3595-49AE-95E5-8E6F0F59185E} = {DF0A4706-5577-42F5-94AB-49B9CD6C0B30}
		{1C80D46B-18A2-47BD-A9AB-4AE959BDE18C} = {DF0A4706-5577-42F5-94AB-49B9CD6C0B30}
		{70E2705B-AEB9-4249-B1A4-3846435DAE75} = {DF0A4706-5577-42F5-94AB-49B9CD6C0B30}
		{0711B3F9-4767-4988-B3D9-388FA0FFF11A} = {DF0A4706-5577-42F5-94AB-49B9CD6C0B30}
		{E597AFEF-0BA1-48D0-B23D-F5F42516086E} = {DF0A4706-5577-42F5-94AB-49B9CD6C0B30}
		{C472FA9D-CC5D-47ED-839E-DD25042ED1C7} = {DF0A4706-5577-42F5-94AB-49B9CD6C0B30}
		{6511833D-526A-4356-809E-567856E34817} = {DF0A4706-5577-42F5-94AB-49B9CD6C0B30}
		{0AD817B8-BB9E-4E68-8895-47889D93DDA1} = {DF0A4706-5577-42F5-94AB-49B9CD6C0B30}
		{4018F05F-3765-42C7-A278-1074ADA02B26} = {DF0A4706-5577-42F5-94AB-49B9CD6C0B30}
		{A7A57CDB-3138-4825-9EEE-144F7B6781F8} = {DF0A4706-5577-42F5-94AB-49B9CD6C0B30}
		{E34A256B-CA54-466F-B1D0-B4A84DC6147E} = {DF0A4706-5577-42F5-94AB-49B9CD6C0B30}
		{1612F812-5937-42EE-BFA8-222BD69E01D3} = {DF0A4706-5577-42F5-94AB-49B9CD6C0B30}
		{15FCD135-D63F-44F8-BE2E-16A2E627CC6F} = {DF0A4706-5577-42F5-94AB-49B9CD6C0B30}
		{C67F2B1D-C830-424D-8B64-0B94C47F4522} = {DF0A4706-5577-42F5-94AB-49B9CD6C0B30}
		{E74D8B5E-2CD7-4B2C-805B-90E7973F1D35} = {DF0A4706-5577-42F5-94AB-49B9CD6C0B30}
		{A1023D60-CD6A-40DE-9D95-6E03E9DBC793} = {DF0A4706-5577-42F5-94AB-49B9CD6C0B30}
	EndGlobalSection
	GlobalSection(SolutionConfigurationPlatforms) = preSolution
		Debug|Any CPU = Debug|Any CPU
		Release|Any CPU = Release|Any CPU
	EndGlobalSection
	GlobalSection(ProjectConfigurationPlatforms) = postSolution
		{1DB32947-AD50-43E2-8D54-4C5EBB1088FC}.Debug|Any CPU.ActiveCfg = Debug|Any CPU
		{1DB32947-AD50-43E2-8D54-4C5EBB1088FC}.Debug|Any CPU.Build.0 = Debug|Any CPU
		{1DB32947-AD50-43E2-8D54-4C5EBB1088FC}.Release|Any CPU.ActiveCfg = Release|Any CPU
		{1DB32947-AD50-43E2-8D54-4C5EBB1088FC}.Release|Any CPU.Build.0 = Release|Any CPU
		{3BF39575-8D2F-4C4D-BFA0-175293E29B60}.Debug|Any CPU.ActiveCfg = Debug|Any CPU
		{3BF39575-8D2F-4C4D-BFA0-175293E29B60}.Debug|Any CPU.Build.0 = Debug|Any CPU
		{3BF39575-8D2F-4C4D-BFA0-175293E29B60}.Release|Any CPU.ActiveCfg = Release|Any CPU
		{3BF39575-8D2F-4C4D-BFA0-175293E29B60}.Release|Any CPU.Build.0 = Release|Any CPU
		{3443EAB6-B8C9-4E3E-9BE8-4433EA0F7DBF}.Debug|Any CPU.ActiveCfg = Debug|Any CPU
		{3443EAB6-B8C9-4E3E-9BE8-4433EA0F7DBF}.Debug|Any CPU.Build.0 = Debug|Any CPU
		{3443EAB6-B8C9-4E3E-9BE8-4433EA0F7DBF}.Release|Any CPU.ActiveCfg = Release|Any CPU
		{3443EAB6-B8C9-4E3E-9BE8-4433EA0F7DBF}.Release|Any CPU.Build.0 = Release|Any CPU
		{6EA775FE-7242-4381-A129-922296EC90F1}.Debug|Any CPU.ActiveCfg = Debug|Any CPU
		{6EA775FE-7242-4381-A129-922296EC90F1}.Debug|Any CPU.Build.0 = Debug|Any CPU
		{6EA775FE-7242-4381-A129-922296EC90F1}.Release|Any CPU.ActiveCfg = Release|Any CPU
		{6EA775FE-7242-4381-A129-922296EC90F1}.Release|Any CPU.Build.0 = Release|Any CPU
		{5762244F-D77E-46D0-9763-C1AEBF9350B4}.Debug|Any CPU.ActiveCfg = Debug|Any CPU
		{5762244F-D77E-46D0-9763-C1AEBF9350B4}.Debug|Any CPU.Build.0 = Debug|Any CPU
		{5762244F-D77E-46D0-9763-C1AEBF9350B4}.Release|Any CPU.ActiveCfg = Release|Any CPU
		{5762244F-D77E-46D0-9763-C1AEBF9350B4}.Release|Any CPU.Build.0 = Release|Any CPU
		{6A33EBD2-A83C-4371-B3DB-42E4494A8E5B}.Debug|Any CPU.ActiveCfg = Debug|Any CPU
		{6A33EBD2-A83C-4371-B3DB-42E4494A8E5B}.Debug|Any CPU.Build.0 = Debug|Any CPU
		{6A33EBD2-A83C-4371-B3DB-42E4494A8E5B}.Release|Any CPU.ActiveCfg = Release|Any CPU
		{6A33EBD2-A83C-4371-B3DB-42E4494A8E5B}.Release|Any CPU.Build.0 = Release|Any CPU
		{F3C27371-C56A-425C-B349-2D0C7D748162}.Debug|Any CPU.ActiveCfg = Debug|Any CPU
		{F3C27371-C56A-425C-B349-2D0C7D748162}.Debug|Any CPU.Build.0 = Debug|Any CPU
		{F3C27371-C56A-425C-B349-2D0C7D748162}.Release|Any CPU.ActiveCfg = Release|Any CPU
		{F3C27371-C56A-425C-B349-2D0C7D748162}.Release|Any CPU.Build.0 = Release|Any CPU
		{4084DC40-1774-4864-B565-249D953F23A8}.Debug|Any CPU.ActiveCfg = Debug|Any CPU
		{4084DC40-1774-4864-B565-249D953F23A8}.Debug|Any CPU.Build.0 = Debug|Any CPU
		{4084DC40-1774-4864-B565-249D953F23A8}.Release|Any CPU.ActiveCfg = Release|Any CPU
		{4084DC40-1774-4864-B565-249D953F23A8}.Release|Any CPU.Build.0 = Release|Any CPU
		{D5F03AD9-6E9E-410C-851E-973594FA7833}.Debug|Any CPU.ActiveCfg = Debug|Any CPU
		{D5F03AD9-6E9E-410C-851E-973594FA7833}.Debug|Any CPU.Build.0 = Debug|Any CPU
		{D5F03AD9-6E9E-410C-851E-973594FA7833}.Release|Any CPU.ActiveCfg = Release|Any CPU
		{D5F03AD9-6E9E-410C-851E-973594FA7833}.Release|Any CPU.Build.0 = Release|Any CPU
		{4C4A85CF-C0A5-49DE-854D-94E29A2B6A08}.Debug|Any CPU.ActiveCfg = Debug|Any CPU
		{4C4A85CF-C0A5-49DE-854D-94E29A2B6A08}.Debug|Any CPU.Build.0 = Debug|Any CPU
		{4C4A85CF-C0A5-49DE-854D-94E29A2B6A08}.Release|Any CPU.ActiveCfg = Release|Any CPU
		{4C4A85CF-C0A5-49DE-854D-94E29A2B6A08}.Release|Any CPU.Build.0 = Release|Any CPU
		{0C6E39F1-1CD0-46EC-9340-343E6865B2A6}.Debug|Any CPU.ActiveCfg = Debug|Any CPU
		{0C6E39F1-1CD0-46EC-9340-343E6865B2A6}.Debug|Any CPU.Build.0 = Debug|Any CPU
		{0C6E39F1-1CD0-46EC-9340-343E6865B2A6}.Release|Any CPU.ActiveCfg = Release|Any CPU
		{0C6E39F1-1CD0-46EC-9340-343E6865B2A6}.Release|Any CPU.Build.0 = Release|Any CPU
		{D42AF29D-0872-4B14-86BC-182C0F227CBC}.Debug|Any CPU.ActiveCfg = Debug|Any CPU
		{D42AF29D-0872-4B14-86BC-182C0F227CBC}.Debug|Any CPU.Build.0 = Debug|Any CPU
		{D42AF29D-0872-4B14-86BC-182C0F227CBC}.Release|Any CPU.ActiveCfg = Release|Any CPU
		{D42AF29D-0872-4B14-86BC-182C0F227CBC}.Release|Any CPU.Build.0 = Release|Any CPU
		{730D55DA-3DD2-42CA-9053-E5E5C3786658}.Debug|Any CPU.ActiveCfg = Debug|Any CPU
		{730D55DA-3DD2-42CA-9053-E5E5C3786658}.Debug|Any CPU.Build.0 = Debug|Any CPU
		{730D55DA-3DD2-42CA-9053-E5E5C3786658}.Release|Any CPU.ActiveCfg = Release|Any CPU
		{730D55DA-3DD2-42CA-9053-E5E5C3786658}.Release|Any CPU.Build.0 = Release|Any CPU
		{0D8144EA-C022-488A-B3C0-CD61D05925EF}.Debug|Any CPU.ActiveCfg = Debug|Any CPU
		{0D8144EA-C022-488A-B3C0-CD61D05925EF}.Debug|Any CPU.Build.0 = Debug|Any CPU
		{0D8144EA-C022-488A-B3C0-CD61D05925EF}.Release|Any CPU.ActiveCfg = Release|Any CPU
		{0D8144EA-C022-488A-B3C0-CD61D05925EF}.Release|Any CPU.Build.0 = Release|Any CPU
		{B8EE001F-FD38-44A2-AA40-4F8BAFB43BF9}.Debug|Any CPU.ActiveCfg = Debug|Any CPU
		{B8EE001F-FD38-44A2-AA40-4F8BAFB43BF9}.Debug|Any CPU.Build.0 = Debug|Any CPU
		{B8EE001F-FD38-44A2-AA40-4F8BAFB43BF9}.Release|Any CPU.ActiveCfg = Release|Any CPU
		{B8EE001F-FD38-44A2-AA40-4F8BAFB43BF9}.Release|Any CPU.Build.0 = Release|Any CPU
		{008207D1-853E-4CC7-9767-5DAF07308BC9}.Debug|Any CPU.ActiveCfg = Debug|Any CPU
		{008207D1-853E-4CC7-9767-5DAF07308BC9}.Debug|Any CPU.Build.0 = Debug|Any CPU
		{008207D1-853E-4CC7-9767-5DAF07308BC9}.Release|Any CPU.ActiveCfg = Release|Any CPU
		{008207D1-853E-4CC7-9767-5DAF07308BC9}.Release|Any CPU.Build.0 = Release|Any CPU
		{2E93F070-2B6B-442E-A570-2A9F5167C06C}.Debug|Any CPU.ActiveCfg = Debug|Any CPU
		{2E93F070-2B6B-442E-A570-2A9F5167C06C}.Debug|Any CPU.Build.0 = Debug|Any CPU
		{2E93F070-2B6B-442E-A570-2A9F5167C06C}.Release|Any CPU.ActiveCfg = Release|Any CPU
		{2E93F070-2B6B-442E-A570-2A9F5167C06C}.Release|Any CPU.Build.0 = Release|Any CPU
		{C3DC3226-1C21-4F52-819B-9C5DED526576}.Debug|Any CPU.ActiveCfg = Debug|Any CPU
		{C3DC3226-1C21-4F52-819B-9C5DED526576}.Debug|Any CPU.Build.0 = Debug|Any CPU
		{C3DC3226-1C21-4F52-819B-9C5DED526576}.Release|Any CPU.ActiveCfg = Release|Any CPU
		{C3DC3226-1C21-4F52-819B-9C5DED526576}.Release|Any CPU.Build.0 = Release|Any CPU
		{E3B11DE8-AB28-405C-AA5C-E824A73C1645}.Debug|Any CPU.ActiveCfg = Debug|Any CPU
		{E3B11DE8-AB28-405C-AA5C-E824A73C1645}.Debug|Any CPU.Build.0 = Debug|Any CPU
		{E3B11DE8-AB28-405C-AA5C-E824A73C1645}.Release|Any CPU.ActiveCfg = Release|Any CPU
		{E3B11DE8-AB28-405C-AA5C-E824A73C1645}.Release|Any CPU.Build.0 = Release|Any CPU
		{59682C53-AB7E-4986-AA9E-FE5B620A9009}.Debug|Any CPU.ActiveCfg = Debug|Any CPU
		{59682C53-AB7E-4986-AA9E-FE5B620A9009}.Debug|Any CPU.Build.0 = Debug|Any CPU
		{59682C53-AB7E-4986-AA9E-FE5B620A9009}.Release|Any CPU.ActiveCfg = Release|Any CPU
		{59682C53-AB7E-4986-AA9E-FE5B620A9009}.Release|Any CPU.Build.0 = Release|Any CPU
		{BB2B43BD-A61D-4237-BF17-D80D5526FB37}.Debug|Any CPU.ActiveCfg = Debug|Any CPU
		{BB2B43BD-A61D-4237-BF17-D80D5526FB37}.Debug|Any CPU.Build.0 = Debug|Any CPU
		{BB2B43BD-A61D-4237-BF17-D80D5526FB37}.Release|Any CPU.ActiveCfg = Release|Any CPU
		{BB2B43BD-A61D-4237-BF17-D80D5526FB37}.Release|Any CPU.Build.0 = Release|Any CPU
		{AA4A6604-67CC-41FE-9A67-96371E83A3EC}.Debug|Any CPU.ActiveCfg = Debug|Any CPU
		{AA4A6604-67CC-41FE-9A67-96371E83A3EC}.Debug|Any CPU.Build.0 = Debug|Any CPU
		{AA4A6604-67CC-41FE-9A67-96371E83A3EC}.Release|Any CPU.ActiveCfg = Release|Any CPU
		{AA4A6604-67CC-41FE-9A67-96371E83A3EC}.Release|Any CPU.Build.0 = Release|Any CPU
		{0BF5F4E7-68E0-4F32-B55E-7B522F1C0A22}.Debug|Any CPU.ActiveCfg = Debug|Any CPU
		{0BF5F4E7-68E0-4F32-B55E-7B522F1C0A22}.Debug|Any CPU.Build.0 = Debug|Any CPU
		{0BF5F4E7-68E0-4F32-B55E-7B522F1C0A22}.Release|Any CPU.ActiveCfg = Release|Any CPU
		{0BF5F4E7-68E0-4F32-B55E-7B522F1C0A22}.Release|Any CPU.Build.0 = Release|Any CPU
		{74B377E8-81C1-47CB-B3B0-21243E152C44}.Debug|Any CPU.ActiveCfg = Debug|Any CPU
		{74B377E8-81C1-47CB-B3B0-21243E152C44}.Debug|Any CPU.Build.0 = Debug|Any CPU
		{74B377E8-81C1-47CB-B3B0-21243E152C44}.Release|Any CPU.ActiveCfg = Release|Any CPU
		{74B377E8-81C1-47CB-B3B0-21243E152C44}.Release|Any CPU.Build.0 = Release|Any CPU
		{A48CB427-E30E-4F6F-B276-3ECB017232E7}.Debug|Any CPU.ActiveCfg = Debug|Any CPU
		{A48CB427-E30E-4F6F-B276-3ECB017232E7}.Debug|Any CPU.Build.0 = Debug|Any CPU
		{A48CB427-E30E-4F6F-B276-3ECB017232E7}.Release|Any CPU.ActiveCfg = Release|Any CPU
		{A48CB427-E30E-4F6F-B276-3ECB017232E7}.Release|Any CPU.Build.0 = Release|Any CPU
		{1BF04303-EA9A-4FDD-A22A-812D4C5DFF53}.Debug|Any CPU.ActiveCfg = Debug|Any CPU
		{1BF04303-EA9A-4FDD-A22A-812D4C5DFF53}.Debug|Any CPU.Build.0 = Debug|Any CPU
		{1BF04303-EA9A-4FDD-A22A-812D4C5DFF53}.Release|Any CPU.ActiveCfg = Release|Any CPU
		{1BF04303-EA9A-4FDD-A22A-812D4C5DFF53}.Release|Any CPU.Build.0 = Release|Any CPU
		{D5601552-D87C-4AB6-8E3F-A39273670CF7}.Debug|Any CPU.ActiveCfg = Debug|Any CPU
		{D5601552-D87C-4AB6-8E3F-A39273670CF7}.Debug|Any CPU.Build.0 = Debug|Any CPU
		{D5601552-D87C-4AB6-8E3F-A39273670CF7}.Release|Any CPU.ActiveCfg = Release|Any CPU
		{D5601552-D87C-4AB6-8E3F-A39273670CF7}.Release|Any CPU.Build.0 = Release|Any CPU
		{53DC0A94-FD18-438C-8DB4-4FC9C445DD01}.Debug|Any CPU.ActiveCfg = Debug|Any CPU
		{53DC0A94-FD18-438C-8DB4-4FC9C445DD01}.Debug|Any CPU.Build.0 = Debug|Any CPU
		{53DC0A94-FD18-438C-8DB4-4FC9C445DD01}.Release|Any CPU.ActiveCfg = Release|Any CPU
		{53DC0A94-FD18-438C-8DB4-4FC9C445DD01}.Release|Any CPU.Build.0 = Release|Any CPU
		{56423707-0B20-4BCC-BD35-C84B35D2674C}.Debug|Any CPU.ActiveCfg = Debug|Any CPU
		{56423707-0B20-4BCC-BD35-C84B35D2674C}.Debug|Any CPU.Build.0 = Debug|Any CPU
		{56423707-0B20-4BCC-BD35-C84B35D2674C}.Release|Any CPU.ActiveCfg = Release|Any CPU
		{56423707-0B20-4BCC-BD35-C84B35D2674C}.Release|Any CPU.Build.0 = Release|Any CPU
		{54B33895-67B1-4318-A111-602106084051}.Debug|Any CPU.ActiveCfg = Debug|Any CPU
		{54B33895-67B1-4318-A111-602106084051}.Debug|Any CPU.Build.0 = Debug|Any CPU
		{54B33895-67B1-4318-A111-602106084051}.Release|Any CPU.ActiveCfg = Release|Any CPU
		{54B33895-67B1-4318-A111-602106084051}.Release|Any CPU.Build.0 = Release|Any CPU
		{45F082B7-CAF5-4D86-A753-F5F4BA024531}.Debug|Any CPU.ActiveCfg = Debug|Any CPU
		{45F082B7-CAF5-4D86-A753-F5F4BA024531}.Debug|Any CPU.Build.0 = Debug|Any CPU
		{45F082B7-CAF5-4D86-A753-F5F4BA024531}.Release|Any CPU.ActiveCfg = Release|Any CPU
		{45F082B7-CAF5-4D86-A753-F5F4BA024531}.Release|Any CPU.Build.0 = Release|Any CPU
		{7046CAD1-F6C4-4560-BE69-9BEA49226447}.Debug|Any CPU.ActiveCfg = Debug|Any CPU
		{7046CAD1-F6C4-4560-BE69-9BEA49226447}.Debug|Any CPU.Build.0 = Debug|Any CPU
		{7046CAD1-F6C4-4560-BE69-9BEA49226447}.Release|Any CPU.ActiveCfg = Release|Any CPU
		{7046CAD1-F6C4-4560-BE69-9BEA49226447}.Release|Any CPU.Build.0 = Release|Any CPU
		{759BE6FB-889E-40F3-A333-079871B239A2}.Debug|Any CPU.ActiveCfg = Debug|Any CPU
		{759BE6FB-889E-40F3-A333-079871B239A2}.Debug|Any CPU.Build.0 = Debug|Any CPU
		{759BE6FB-889E-40F3-A333-079871B239A2}.Release|Any CPU.ActiveCfg = Release|Any CPU
		{759BE6FB-889E-40F3-A333-079871B239A2}.Release|Any CPU.Build.0 = Release|Any CPU
		{362833B5-A254-47BA-92A4-12C887FD11C7}.Debug|Any CPU.ActiveCfg = Debug|Any CPU
		{362833B5-A254-47BA-92A4-12C887FD11C7}.Debug|Any CPU.Build.0 = Debug|Any CPU
		{362833B5-A254-47BA-92A4-12C887FD11C7}.Release|Any CPU.ActiveCfg = Release|Any CPU
		{362833B5-A254-47BA-92A4-12C887FD11C7}.Release|Any CPU.Build.0 = Release|Any CPU
		{A82279C4-8B36-4422-9202-8A220A7AD61F}.Debug|Any CPU.ActiveCfg = Debug|Any CPU
		{A82279C4-8B36-4422-9202-8A220A7AD61F}.Debug|Any CPU.Build.0 = Debug|Any CPU
		{A82279C4-8B36-4422-9202-8A220A7AD61F}.Release|Any CPU.ActiveCfg = Release|Any CPU
		{A82279C4-8B36-4422-9202-8A220A7AD61F}.Release|Any CPU.Build.0 = Release|Any CPU
		{B60DD987-B9D9-4BA6-A655-E03ABE71A65F}.Debug|Any CPU.ActiveCfg = Debug|Any CPU
		{B60DD987-B9D9-4BA6-A655-E03ABE71A65F}.Debug|Any CPU.Build.0 = Debug|Any CPU
		{B60DD987-B9D9-4BA6-A655-E03ABE71A65F}.Release|Any CPU.ActiveCfg = Release|Any CPU
		{B60DD987-B9D9-4BA6-A655-E03ABE71A65F}.Release|Any CPU.Build.0 = Release|Any CPU
		{DB57B323-43BC-4EAD-8E1F-00BF5BC0F1B7}.Debug|Any CPU.ActiveCfg = Debug|Any CPU
		{DB57B323-43BC-4EAD-8E1F-00BF5BC0F1B7}.Debug|Any CPU.Build.0 = Debug|Any CPU
		{DB57B323-43BC-4EAD-8E1F-00BF5BC0F1B7}.Release|Any CPU.ActiveCfg = Release|Any CPU
		{DB57B323-43BC-4EAD-8E1F-00BF5BC0F1B7}.Release|Any CPU.Build.0 = Release|Any CPU
		{75E30F42-09DD-4A8A-BF09-130D7E58BA2B}.Debug|Any CPU.ActiveCfg = Debug|Any CPU
		{75E30F42-09DD-4A8A-BF09-130D7E58BA2B}.Debug|Any CPU.Build.0 = Debug|Any CPU
		{75E30F42-09DD-4A8A-BF09-130D7E58BA2B}.Release|Any CPU.ActiveCfg = Release|Any CPU
		{75E30F42-09DD-4A8A-BF09-130D7E58BA2B}.Release|Any CPU.Build.0 = Release|Any CPU
		{68097A89-EEE8-4036-BD23-C92E1F0145E0}.Debug|Any CPU.ActiveCfg = Debug|Any CPU
		{68097A89-EEE8-4036-BD23-C92E1F0145E0}.Debug|Any CPU.Build.0 = Debug|Any CPU
		{68097A89-EEE8-4036-BD23-C92E1F0145E0}.Release|Any CPU.ActiveCfg = Release|Any CPU
		{68097A89-EEE8-4036-BD23-C92E1F0145E0}.Release|Any CPU.Build.0 = Release|Any CPU
		{B6929224-2626-4670-9825-F2AE71BC6F84}.Debug|Any CPU.ActiveCfg = Debug|Any CPU
		{B6929224-2626-4670-9825-F2AE71BC6F84}.Debug|Any CPU.Build.0 = Debug|Any CPU
		{B6929224-2626-4670-9825-F2AE71BC6F84}.Release|Any CPU.ActiveCfg = Release|Any CPU
		{B6929224-2626-4670-9825-F2AE71BC6F84}.Release|Any CPU.Build.0 = Release|Any CPU
		{DB4CB952-105B-4933-84A3-070970F9FA7C}.Debug|Any CPU.ActiveCfg = Debug|Any CPU
		{DB4CB952-105B-4933-84A3-070970F9FA7C}.Debug|Any CPU.Build.0 = Debug|Any CPU
		{DB4CB952-105B-4933-84A3-070970F9FA7C}.Release|Any CPU.ActiveCfg = Release|Any CPU
		{DB4CB952-105B-4933-84A3-070970F9FA7C}.Release|Any CPU.Build.0 = Release|Any CPU
		{1FBD13ED-43EB-44E8-94FB-121CEB93C01A}.Debug|Any CPU.ActiveCfg = Debug|Any CPU
		{1FBD13ED-43EB-44E8-94FB-121CEB93C01A}.Debug|Any CPU.Build.0 = Debug|Any CPU
		{1FBD13ED-43EB-44E8-94FB-121CEB93C01A}.Release|Any CPU.ActiveCfg = Release|Any CPU
		{1FBD13ED-43EB-44E8-94FB-121CEB93C01A}.Release|Any CPU.Build.0 = Release|Any CPU
		{9A7A1F97-899A-4621-9BC0-28BFAF1A55F0}.Debug|Any CPU.ActiveCfg = Debug|Any CPU
		{9A7A1F97-899A-4621-9BC0-28BFAF1A55F0}.Debug|Any CPU.Build.0 = Debug|Any CPU
		{9A7A1F97-899A-4621-9BC0-28BFAF1A55F0}.Release|Any CPU.ActiveCfg = Release|Any CPU
		{9A7A1F97-899A-4621-9BC0-28BFAF1A55F0}.Release|Any CPU.Build.0 = Release|Any CPU
		{4E6C4C02-8746-44FD-8A4A-AA389D980DD7}.Debug|Any CPU.ActiveCfg = Debug|Any CPU
		{4E6C4C02-8746-44FD-8A4A-AA389D980DD7}.Debug|Any CPU.Build.0 = Debug|Any CPU
		{4E6C4C02-8746-44FD-8A4A-AA389D980DD7}.Release|Any CPU.ActiveCfg = Release|Any CPU
		{4E6C4C02-8746-44FD-8A4A-AA389D980DD7}.Release|Any CPU.Build.0 = Release|Any CPU
		{378432CF-82F8-46F9-96EE-D92A4B7AE1DC}.Debug|Any CPU.ActiveCfg = Debug|Any CPU
		{378432CF-82F8-46F9-96EE-D92A4B7AE1DC}.Debug|Any CPU.Build.0 = Debug|Any CPU
		{378432CF-82F8-46F9-96EE-D92A4B7AE1DC}.Release|Any CPU.ActiveCfg = Release|Any CPU
		{378432CF-82F8-46F9-96EE-D92A4B7AE1DC}.Release|Any CPU.Build.0 = Release|Any CPU
		{209645C1-E1B6-4164-A5DF-C7D211E7D437}.Debug|Any CPU.ActiveCfg = Debug|Any CPU
		{209645C1-E1B6-4164-A5DF-C7D211E7D437}.Debug|Any CPU.Build.0 = Debug|Any CPU
		{209645C1-E1B6-4164-A5DF-C7D211E7D437}.Release|Any CPU.ActiveCfg = Release|Any CPU
		{209645C1-E1B6-4164-A5DF-C7D211E7D437}.Release|Any CPU.Build.0 = Release|Any CPU
		{35D9740C-B3B5-4D71-B5A2-A47FA441DC66}.Debug|Any CPU.ActiveCfg = Debug|Any CPU
		{35D9740C-B3B5-4D71-B5A2-A47FA441DC66}.Debug|Any CPU.Build.0 = Debug|Any CPU
		{35D9740C-B3B5-4D71-B5A2-A47FA441DC66}.Release|Any CPU.ActiveCfg = Release|Any CPU
		{35D9740C-B3B5-4D71-B5A2-A47FA441DC66}.Release|Any CPU.Build.0 = Release|Any CPU
		{A517F9CA-A5E5-43F6-B0BA-87B6BC44BC94}.Debug|Any CPU.ActiveCfg = Debug|Any CPU
		{A517F9CA-A5E5-43F6-B0BA-87B6BC44BC94}.Debug|Any CPU.Build.0 = Debug|Any CPU
		{A517F9CA-A5E5-43F6-B0BA-87B6BC44BC94}.Release|Any CPU.ActiveCfg = Release|Any CPU
		{A517F9CA-A5E5-43F6-B0BA-87B6BC44BC94}.Release|Any CPU.Build.0 = Release|Any CPU
		{EF20DAF4-A44F-44B4-8858-24CFD9AD82B4}.Debug|Any CPU.ActiveCfg = Debug|Any CPU
		{EF20DAF4-A44F-44B4-8858-24CFD9AD82B4}.Debug|Any CPU.Build.0 = Debug|Any CPU
		{EF20DAF4-A44F-44B4-8858-24CFD9AD82B4}.Release|Any CPU.ActiveCfg = Release|Any CPU
		{EF20DAF4-A44F-44B4-8858-24CFD9AD82B4}.Release|Any CPU.Build.0 = Release|Any CPU
		{925F8A9A-B4AE-4D62-AEE3-087620F775FF}.Debug|Any CPU.ActiveCfg = Debug|Any CPU
		{925F8A9A-B4AE-4D62-AEE3-087620F775FF}.Debug|Any CPU.Build.0 = Debug|Any CPU
		{925F8A9A-B4AE-4D62-AEE3-087620F775FF}.Release|Any CPU.ActiveCfg = Release|Any CPU
		{925F8A9A-B4AE-4D62-AEE3-087620F775FF}.Release|Any CPU.Build.0 = Release|Any CPU
		{8145B70C-D866-49C0-9A6F-92263A1993D5}.Debug|Any CPU.ActiveCfg = Debug|Any CPU
		{8145B70C-D866-49C0-9A6F-92263A1993D5}.Debug|Any CPU.Build.0 = Debug|Any CPU
		{8145B70C-D866-49C0-9A6F-92263A1993D5}.Release|Any CPU.ActiveCfg = Release|Any CPU
		{8145B70C-D866-49C0-9A6F-92263A1993D5}.Release|Any CPU.Build.0 = Release|Any CPU
		{ED043B3A-C4BC-417F-BB52-2C462EB0341A}.Debug|Any CPU.ActiveCfg = Debug|Any CPU
		{ED043B3A-C4BC-417F-BB52-2C462EB0341A}.Debug|Any CPU.Build.0 = Debug|Any CPU
		{ED043B3A-C4BC-417F-BB52-2C462EB0341A}.Release|Any CPU.ActiveCfg = Release|Any CPU
		{ED043B3A-C4BC-417F-BB52-2C462EB0341A}.Release|Any CPU.Build.0 = Release|Any CPU
		{2CFCDADD-EAEB-4709-A94F-B290C1933194}.Debug|Any CPU.ActiveCfg = Debug|Any CPU
		{2CFCDADD-EAEB-4709-A94F-B290C1933194}.Debug|Any CPU.Build.0 = Debug|Any CPU
		{2CFCDADD-EAEB-4709-A94F-B290C1933194}.Release|Any CPU.ActiveCfg = Release|Any CPU
		{2CFCDADD-EAEB-4709-A94F-B290C1933194}.Release|Any CPU.Build.0 = Release|Any CPU
		{8F0C5F07-41B3-487D-B197-A0E84CFE3658}.Debug|Any CPU.ActiveCfg = Debug|Any CPU
		{8F0C5F07-41B3-487D-B197-A0E84CFE3658}.Debug|Any CPU.Build.0 = Debug|Any CPU
		{8F0C5F07-41B3-487D-B197-A0E84CFE3658}.Release|Any CPU.ActiveCfg = Release|Any CPU
		{8F0C5F07-41B3-487D-B197-A0E84CFE3658}.Release|Any CPU.Build.0 = Release|Any CPU
		{69DEFD2A-1D1D-4E69-9522-80CB4D2A59AB}.Debug|Any CPU.ActiveCfg = Debug|Any CPU
		{69DEFD2A-1D1D-4E69-9522-80CB4D2A59AB}.Debug|Any CPU.Build.0 = Debug|Any CPU
		{69DEFD2A-1D1D-4E69-9522-80CB4D2A59AB}.Release|Any CPU.ActiveCfg = Release|Any CPU
		{69DEFD2A-1D1D-4E69-9522-80CB4D2A59AB}.Release|Any CPU.Build.0 = Release|Any CPU
		{866EC36E-38D2-4147-8E3F-0C29A0896C39}.Debug|Any CPU.ActiveCfg = Debug|Any CPU
		{866EC36E-38D2-4147-8E3F-0C29A0896C39}.Debug|Any CPU.Build.0 = Debug|Any CPU
		{866EC36E-38D2-4147-8E3F-0C29A0896C39}.Release|Any CPU.ActiveCfg = Release|Any CPU
		{866EC36E-38D2-4147-8E3F-0C29A0896C39}.Release|Any CPU.Build.0 = Release|Any CPU
		{A3104F50-C776-4E33-95FD-D56AD5651277}.Debug|Any CPU.ActiveCfg = Debug|Any CPU
		{A3104F50-C776-4E33-95FD-D56AD5651277}.Debug|Any CPU.Build.0 = Debug|Any CPU
		{A3104F50-C776-4E33-95FD-D56AD5651277}.Release|Any CPU.ActiveCfg = Release|Any CPU
		{A3104F50-C776-4E33-95FD-D56AD5651277}.Release|Any CPU.Build.0 = Release|Any CPU
		{11EB62B9-35F8-4C4B-ABF6-A54CF9BD590E}.Debug|Any CPU.ActiveCfg = Debug|Any CPU
		{11EB62B9-35F8-4C4B-ABF6-A54CF9BD590E}.Debug|Any CPU.Build.0 = Debug|Any CPU
		{11EB62B9-35F8-4C4B-ABF6-A54CF9BD590E}.Release|Any CPU.ActiveCfg = Release|Any CPU
		{11EB62B9-35F8-4C4B-ABF6-A54CF9BD590E}.Release|Any CPU.Build.0 = Release|Any CPU
		{07119E5B-BA67-4CD4-B977-AC665F95F841}.Debug|Any CPU.ActiveCfg = Debug|Any CPU
		{07119E5B-BA67-4CD4-B977-AC665F95F841}.Debug|Any CPU.Build.0 = Debug|Any CPU
		{07119E5B-BA67-4CD4-B977-AC665F95F841}.Release|Any CPU.ActiveCfg = Release|Any CPU
		{07119E5B-BA67-4CD4-B977-AC665F95F841}.Release|Any CPU.Build.0 = Release|Any CPU
		{AF4AC798-CA07-4E3E-8B97-BF45B1591182}.Debug|Any CPU.ActiveCfg = Debug|Any CPU
		{AF4AC798-CA07-4E3E-8B97-BF45B1591182}.Debug|Any CPU.Build.0 = Debug|Any CPU
		{AF4AC798-CA07-4E3E-8B97-BF45B1591182}.Release|Any CPU.ActiveCfg = Release|Any CPU
		{AF4AC798-CA07-4E3E-8B97-BF45B1591182}.Release|Any CPU.Build.0 = Release|Any CPU
		{84889DFA-05A3-4DA3-89AE-F88B803EB78F}.Debug|Any CPU.ActiveCfg = Debug|Any CPU
		{84889DFA-05A3-4DA3-89AE-F88B803EB78F}.Debug|Any CPU.Build.0 = Debug|Any CPU
		{84889DFA-05A3-4DA3-89AE-F88B803EB78F}.Release|Any CPU.ActiveCfg = Release|Any CPU
		{84889DFA-05A3-4DA3-89AE-F88B803EB78F}.Release|Any CPU.Build.0 = Release|Any CPU
		{E04F5FAE-6CDE-45C3-B201-E1C6D6EB2E59}.Debug|Any CPU.ActiveCfg = Debug|Any CPU
		{E04F5FAE-6CDE-45C3-B201-E1C6D6EB2E59}.Debug|Any CPU.Build.0 = Debug|Any CPU
		{E04F5FAE-6CDE-45C3-B201-E1C6D6EB2E59}.Release|Any CPU.ActiveCfg = Release|Any CPU
		{E04F5FAE-6CDE-45C3-B201-E1C6D6EB2E59}.Release|Any CPU.Build.0 = Release|Any CPU
		{00D212BC-EAB4-4C9D-AA83-5ECEE50F7241}.Debug|Any CPU.ActiveCfg = Debug|Any CPU
		{00D212BC-EAB4-4C9D-AA83-5ECEE50F7241}.Debug|Any CPU.Build.0 = Debug|Any CPU
		{00D212BC-EAB4-4C9D-AA83-5ECEE50F7241}.Release|Any CPU.ActiveCfg = Release|Any CPU
		{00D212BC-EAB4-4C9D-AA83-5ECEE50F7241}.Release|Any CPU.Build.0 = Release|Any CPU
		{233B06F0-4A2F-40CF-A106-58A1A522C387}.Debug|Any CPU.ActiveCfg = Debug|Any CPU
		{233B06F0-4A2F-40CF-A106-58A1A522C387}.Debug|Any CPU.Build.0 = Debug|Any CPU
		{233B06F0-4A2F-40CF-A106-58A1A522C387}.Release|Any CPU.ActiveCfg = Release|Any CPU
		{233B06F0-4A2F-40CF-A106-58A1A522C387}.Release|Any CPU.Build.0 = Release|Any CPU
		{74BF2EC0-8BA0-4D1D-83C1-9D2BD6411F3D}.Debug|Any CPU.ActiveCfg = Debug|Any CPU
		{74BF2EC0-8BA0-4D1D-83C1-9D2BD6411F3D}.Debug|Any CPU.Build.0 = Debug|Any CPU
		{74BF2EC0-8BA0-4D1D-83C1-9D2BD6411F3D}.Release|Any CPU.ActiveCfg = Release|Any CPU
		{74BF2EC0-8BA0-4D1D-83C1-9D2BD6411F3D}.Release|Any CPU.Build.0 = Release|Any CPU
		{80B486D7-157E-437A-B9B5-876940A91BBC}.Debug|Any CPU.ActiveCfg = Debug|Any CPU
		{80B486D7-157E-437A-B9B5-876940A91BBC}.Debug|Any CPU.Build.0 = Debug|Any CPU
		{80B486D7-157E-437A-B9B5-876940A91BBC}.Release|Any CPU.ActiveCfg = Release|Any CPU
		{80B486D7-157E-437A-B9B5-876940A91BBC}.Release|Any CPU.Build.0 = Release|Any CPU
		{52FFF61E-BDC0-405F-A667-5398387D2A85}.Debug|Any CPU.ActiveCfg = Debug|Any CPU
		{52FFF61E-BDC0-405F-A667-5398387D2A85}.Debug|Any CPU.Build.0 = Debug|Any CPU
		{52FFF61E-BDC0-405F-A667-5398387D2A85}.Release|Any CPU.ActiveCfg = Release|Any CPU
		{52FFF61E-BDC0-405F-A667-5398387D2A85}.Release|Any CPU.Build.0 = Release|Any CPU
		{B3FD374E-5676-4F8E-B75C-1B08B1169A1D}.Debug|Any CPU.ActiveCfg = Debug|Any CPU
		{B3FD374E-5676-4F8E-B75C-1B08B1169A1D}.Debug|Any CPU.Build.0 = Debug|Any CPU
		{B3FD374E-5676-4F8E-B75C-1B08B1169A1D}.Release|Any CPU.ActiveCfg = Release|Any CPU
		{B3FD374E-5676-4F8E-B75C-1B08B1169A1D}.Release|Any CPU.Build.0 = Release|Any CPU
		{64847C67-F088-4856-86C9-19EB91540B72}.Debug|Any CPU.ActiveCfg = Debug|Any CPU
		{64847C67-F088-4856-86C9-19EB91540B72}.Debug|Any CPU.Build.0 = Debug|Any CPU
		{64847C67-F088-4856-86C9-19EB91540B72}.Release|Any CPU.ActiveCfg = Release|Any CPU
		{64847C67-F088-4856-86C9-19EB91540B72}.Release|Any CPU.Build.0 = Release|Any CPU
		{F3361F9D-5625-4E70-B94D-16F2DAC72136}.Debug|Any CPU.ActiveCfg = Debug|Any CPU
		{F3361F9D-5625-4E70-B94D-16F2DAC72136}.Debug|Any CPU.Build.0 = Debug|Any CPU
		{F3361F9D-5625-4E70-B94D-16F2DAC72136}.Release|Any CPU.ActiveCfg = Release|Any CPU
		{F3361F9D-5625-4E70-B94D-16F2DAC72136}.Release|Any CPU.Build.0 = Release|Any CPU
		{32D4DC6A-217F-40C7-8638-B0B88C77BBE9}.Debug|Any CPU.ActiveCfg = Debug|Any CPU
		{32D4DC6A-217F-40C7-8638-B0B88C77BBE9}.Debug|Any CPU.Build.0 = Debug|Any CPU
		{32D4DC6A-217F-40C7-8638-B0B88C77BBE9}.Release|Any CPU.ActiveCfg = Release|Any CPU
		{32D4DC6A-217F-40C7-8638-B0B88C77BBE9}.Release|Any CPU.Build.0 = Release|Any CPU
		{472B06DB-079D-4B15-AE25-5082A484193F}.Debug|Any CPU.ActiveCfg = Debug|Any CPU
		{472B06DB-079D-4B15-AE25-5082A484193F}.Debug|Any CPU.Build.0 = Debug|Any CPU
		{472B06DB-079D-4B15-AE25-5082A484193F}.Release|Any CPU.ActiveCfg = Release|Any CPU
		{472B06DB-079D-4B15-AE25-5082A484193F}.Release|Any CPU.Build.0 = Release|Any CPU
		{D2B59B9E-13CE-462E-AF39-BA939A842E91}.Debug|Any CPU.ActiveCfg = Debug|Any CPU
		{D2B59B9E-13CE-462E-AF39-BA939A842E91}.Debug|Any CPU.Build.0 = Debug|Any CPU
		{D2B59B9E-13CE-462E-AF39-BA939A842E91}.Release|Any CPU.ActiveCfg = Release|Any CPU
		{D2B59B9E-13CE-462E-AF39-BA939A842E91}.Release|Any CPU.Build.0 = Release|Any CPU
		{99E13114-CC1D-478D-AC36-653A96B18218}.Debug|Any CPU.ActiveCfg = Debug|Any CPU
		{99E13114-CC1D-478D-AC36-653A96B18218}.Debug|Any CPU.Build.0 = Debug|Any CPU
		{99E13114-CC1D-478D-AC36-653A96B18218}.Release|Any CPU.ActiveCfg = Release|Any CPU
		{99E13114-CC1D-478D-AC36-653A96B18218}.Release|Any CPU.Build.0 = Release|Any CPU
		{D535AD6C-72C7-4ADC-ACB8-965A90A70776}.Debug|Any CPU.ActiveCfg = Debug|Any CPU
		{D535AD6C-72C7-4ADC-ACB8-965A90A70776}.Debug|Any CPU.Build.0 = Debug|Any CPU
		{D535AD6C-72C7-4ADC-ACB8-965A90A70776}.Release|Any CPU.ActiveCfg = Release|Any CPU
		{D535AD6C-72C7-4ADC-ACB8-965A90A70776}.Release|Any CPU.Build.0 = Release|Any CPU
		{B0F9A59B-8BCA-43B6-9705-071BF97D2139}.Debug|Any CPU.ActiveCfg = Debug|Any CPU
		{B0F9A59B-8BCA-43B6-9705-071BF97D2139}.Debug|Any CPU.Build.0 = Debug|Any CPU
		{B0F9A59B-8BCA-43B6-9705-071BF97D2139}.Release|Any CPU.ActiveCfg = Release|Any CPU
		{B0F9A59B-8BCA-43B6-9705-071BF97D2139}.Release|Any CPU.Build.0 = Release|Any CPU
		{65A2AA96-903E-4D49-803A-EDF253C80997}.Debug|Any CPU.ActiveCfg = Debug|Any CPU
		{65A2AA96-903E-4D49-803A-EDF253C80997}.Debug|Any CPU.Build.0 = Debug|Any CPU
		{65A2AA96-903E-4D49-803A-EDF253C80997}.Release|Any CPU.ActiveCfg = Release|Any CPU
		{65A2AA96-903E-4D49-803A-EDF253C80997}.Release|Any CPU.Build.0 = Release|Any CPU
		{D12A9DD4-B5A0-43A2-B76C-3487EABC1437}.Debug|Any CPU.ActiveCfg = Debug|Any CPU
		{D12A9DD4-B5A0-43A2-B76C-3487EABC1437}.Debug|Any CPU.Build.0 = Debug|Any CPU
		{D12A9DD4-B5A0-43A2-B76C-3487EABC1437}.Release|Any CPU.ActiveCfg = Release|Any CPU
		{D12A9DD4-B5A0-43A2-B76C-3487EABC1437}.Release|Any CPU.Build.0 = Release|Any CPU
		{B617C853-23B6-4955-ACF1-F3840825D5B1}.Debug|Any CPU.ActiveCfg = Debug|Any CPU
		{B617C853-23B6-4955-ACF1-F3840825D5B1}.Debug|Any CPU.Build.0 = Debug|Any CPU
		{B617C853-23B6-4955-ACF1-F3840825D5B1}.Release|Any CPU.ActiveCfg = Release|Any CPU
		{B617C853-23B6-4955-ACF1-F3840825D5B1}.Release|Any CPU.Build.0 = Release|Any CPU
		{58738569-2029-40F4-A8D2-B4F8CA3D0D7D}.Debug|Any CPU.ActiveCfg = Debug|Any CPU
		{58738569-2029-40F4-A8D2-B4F8CA3D0D7D}.Debug|Any CPU.Build.0 = Debug|Any CPU
		{58738569-2029-40F4-A8D2-B4F8CA3D0D7D}.Release|Any CPU.ActiveCfg = Release|Any CPU
		{58738569-2029-40F4-A8D2-B4F8CA3D0D7D}.Release|Any CPU.Build.0 = Release|Any CPU
		{D2D060E0-BFB2-4671-A312-0707F64C12DD}.Debug|Any CPU.ActiveCfg = Debug|Any CPU
		{D2D060E0-BFB2-4671-A312-0707F64C12DD}.Debug|Any CPU.Build.0 = Debug|Any CPU
		{D2D060E0-BFB2-4671-A312-0707F64C12DD}.Release|Any CPU.ActiveCfg = Release|Any CPU
		{D2D060E0-BFB2-4671-A312-0707F64C12DD}.Release|Any CPU.Build.0 = Release|Any CPU
		{F11508D7-EACB-4D40-8F7E-367B3BC6A3C1}.Debug|Any CPU.ActiveCfg = Debug|Any CPU
		{F11508D7-EACB-4D40-8F7E-367B3BC6A3C1}.Debug|Any CPU.Build.0 = Debug|Any CPU
		{F11508D7-EACB-4D40-8F7E-367B3BC6A3C1}.Release|Any CPU.ActiveCfg = Release|Any CPU
		{F11508D7-EACB-4D40-8F7E-367B3BC6A3C1}.Release|Any CPU.Build.0 = Release|Any CPU
		{E7AE974B-F2C5-45A8-89FE-817C6909FFFF}.Debug|Any CPU.ActiveCfg = Debug|Any CPU
		{E7AE974B-F2C5-45A8-89FE-817C6909FFFF}.Debug|Any CPU.Build.0 = Debug|Any CPU
		{E7AE974B-F2C5-45A8-89FE-817C6909FFFF}.Release|Any CPU.ActiveCfg = Release|Any CPU
		{E7AE974B-F2C5-45A8-89FE-817C6909FFFF}.Release|Any CPU.Build.0 = Release|Any CPU
		{E0E83440-3250-4219-893D-8563686EC73E}.Debug|Any CPU.ActiveCfg = Debug|Any CPU
		{E0E83440-3250-4219-893D-8563686EC73E}.Debug|Any CPU.Build.0 = Debug|Any CPU
		{E0E83440-3250-4219-893D-8563686EC73E}.Release|Any CPU.ActiveCfg = Release|Any CPU
		{E0E83440-3250-4219-893D-8563686EC73E}.Release|Any CPU.Build.0 = Release|Any CPU
		{DD7FC8A1-6EF5-48FE-95E2-539A2F6E1A66}.Debug|Any CPU.ActiveCfg = Debug|Any CPU
		{DD7FC8A1-6EF5-48FE-95E2-539A2F6E1A66}.Debug|Any CPU.Build.0 = Debug|Any CPU
		{DD7FC8A1-6EF5-48FE-95E2-539A2F6E1A66}.Release|Any CPU.ActiveCfg = Release|Any CPU
		{DD7FC8A1-6EF5-48FE-95E2-539A2F6E1A66}.Release|Any CPU.Build.0 = Release|Any CPU
		{FE12D118-3C52-4F7D-AD22-A1115B5D602F}.Debug|Any CPU.ActiveCfg = Debug|Any CPU
		{FE12D118-3C52-4F7D-AD22-A1115B5D602F}.Debug|Any CPU.Build.0 = Debug|Any CPU
		{FE12D118-3C52-4F7D-AD22-A1115B5D602F}.Release|Any CPU.ActiveCfg = Release|Any CPU
		{FE12D118-3C52-4F7D-AD22-A1115B5D602F}.Release|Any CPU.Build.0 = Release|Any CPU
		{DE22651B-C129-4DAC-A37D-3B6BBE84E4DD}.Debug|Any CPU.ActiveCfg = Debug|Any CPU
		{DE22651B-C129-4DAC-A37D-3B6BBE84E4DD}.Debug|Any CPU.Build.0 = Debug|Any CPU
		{DE22651B-C129-4DAC-A37D-3B6BBE84E4DD}.Release|Any CPU.ActiveCfg = Release|Any CPU
		{DE22651B-C129-4DAC-A37D-3B6BBE84E4DD}.Release|Any CPU.Build.0 = Release|Any CPU
		{E787A715-37A1-40CE-B6BA-6DCD93DC59B1}.Debug|Any CPU.ActiveCfg = Debug|Any CPU
		{E787A715-37A1-40CE-B6BA-6DCD93DC59B1}.Debug|Any CPU.Build.0 = Debug|Any CPU
		{E787A715-37A1-40CE-B6BA-6DCD93DC59B1}.Release|Any CPU.ActiveCfg = Release|Any CPU
		{E787A715-37A1-40CE-B6BA-6DCD93DC59B1}.Release|Any CPU.Build.0 = Release|Any CPU
		{5D80D9FF-7BDD-430C-BE30-A3428A2C5DC4}.Debug|Any CPU.ActiveCfg = Debug|Any CPU
		{5D80D9FF-7BDD-430C-BE30-A3428A2C5DC4}.Debug|Any CPU.Build.0 = Debug|Any CPU
		{5D80D9FF-7BDD-430C-BE30-A3428A2C5DC4}.Release|Any CPU.ActiveCfg = Release|Any CPU
		{5D80D9FF-7BDD-430C-BE30-A3428A2C5DC4}.Release|Any CPU.Build.0 = Release|Any CPU
		{F6B92BD1-2F81-4EC8-A3E7-A86A07A5573B}.Debug|Any CPU.ActiveCfg = Debug|Any CPU
		{F6B92BD1-2F81-4EC8-A3E7-A86A07A5573B}.Debug|Any CPU.Build.0 = Debug|Any CPU
		{F6B92BD1-2F81-4EC8-A3E7-A86A07A5573B}.Release|Any CPU.ActiveCfg = Release|Any CPU
		{F6B92BD1-2F81-4EC8-A3E7-A86A07A5573B}.Release|Any CPU.Build.0 = Release|Any CPU
		{4220137B-6185-49EF-9286-BBCE2EAD3CB0}.Debug|Any CPU.ActiveCfg = Debug|Any CPU
		{4220137B-6185-49EF-9286-BBCE2EAD3CB0}.Debug|Any CPU.Build.0 = Debug|Any CPU
		{4220137B-6185-49EF-9286-BBCE2EAD3CB0}.Release|Any CPU.ActiveCfg = Release|Any CPU
		{4220137B-6185-49EF-9286-BBCE2EAD3CB0}.Release|Any CPU.Build.0 = Release|Any CPU
		{A46BED00-3389-4274-A237-B61953291C18}.Debug|Any CPU.ActiveCfg = Debug|Any CPU
		{A46BED00-3389-4274-A237-B61953291C18}.Debug|Any CPU.Build.0 = Debug|Any CPU
		{A46BED00-3389-4274-A237-B61953291C18}.Release|Any CPU.ActiveCfg = Release|Any CPU
		{A46BED00-3389-4274-A237-B61953291C18}.Release|Any CPU.Build.0 = Release|Any CPU
		{3A53968A-C6CB-4D03-8C46-F0C0CBF82E5C}.Debug|Any CPU.ActiveCfg = Debug|Any CPU
		{3A53968A-C6CB-4D03-8C46-F0C0CBF82E5C}.Debug|Any CPU.Build.0 = Debug|Any CPU
		{3A53968A-C6CB-4D03-8C46-F0C0CBF82E5C}.Release|Any CPU.ActiveCfg = Release|Any CPU
		{3A53968A-C6CB-4D03-8C46-F0C0CBF82E5C}.Release|Any CPU.Build.0 = Release|Any CPU
		{1840BDF9-E023-480D-ABCB-F4FED6E9D2C0}.Debug|Any CPU.ActiveCfg = Debug|Any CPU
		{1840BDF9-E023-480D-ABCB-F4FED6E9D2C0}.Debug|Any CPU.Build.0 = Debug|Any CPU
		{1840BDF9-E023-480D-ABCB-F4FED6E9D2C0}.Release|Any CPU.ActiveCfg = Release|Any CPU
		{1840BDF9-E023-480D-ABCB-F4FED6E9D2C0}.Release|Any CPU.Build.0 = Release|Any CPU
		{3917819B-65A3-4261-8383-8E4B1F744B27}.Debug|Any CPU.ActiveCfg = Debug|Any CPU
		{3917819B-65A3-4261-8383-8E4B1F744B27}.Debug|Any CPU.Build.0 = Debug|Any CPU
		{3917819B-65A3-4261-8383-8E4B1F744B27}.Release|Any CPU.ActiveCfg = Release|Any CPU
		{3917819B-65A3-4261-8383-8E4B1F744B27}.Release|Any CPU.Build.0 = Release|Any CPU
		{2946A705-BB30-4460-AB53-DF7825ADA1A1}.Debug|Any CPU.ActiveCfg = Debug|Any CPU
		{2946A705-BB30-4460-AB53-DF7825ADA1A1}.Debug|Any CPU.Build.0 = Debug|Any CPU
		{2946A705-BB30-4460-AB53-DF7825ADA1A1}.Release|Any CPU.ActiveCfg = Release|Any CPU
		{2946A705-BB30-4460-AB53-DF7825ADA1A1}.Release|Any CPU.Build.0 = Release|Any CPU
		{738ED2F3-264B-4029-8217-1E5778C1CBD9}.Debug|Any CPU.ActiveCfg = Debug|Any CPU
		{738ED2F3-264B-4029-8217-1E5778C1CBD9}.Debug|Any CPU.Build.0 = Debug|Any CPU
		{738ED2F3-264B-4029-8217-1E5778C1CBD9}.Release|Any CPU.ActiveCfg = Release|Any CPU
		{738ED2F3-264B-4029-8217-1E5778C1CBD9}.Release|Any CPU.Build.0 = Release|Any CPU
		{E2541A55-5D43-4488-9DD7-0CDCAF60132E}.Debug|Any CPU.ActiveCfg = Debug|Any CPU
		{E2541A55-5D43-4488-9DD7-0CDCAF60132E}.Debug|Any CPU.Build.0 = Debug|Any CPU
		{E2541A55-5D43-4488-9DD7-0CDCAF60132E}.Release|Any CPU.ActiveCfg = Release|Any CPU
		{E2541A55-5D43-4488-9DD7-0CDCAF60132E}.Release|Any CPU.Build.0 = Release|Any CPU
		{E3E720FA-1D66-489C-940A-39FF75B579B9}.Debug|Any CPU.ActiveCfg = Debug|Any CPU
		{E3E720FA-1D66-489C-940A-39FF75B579B9}.Debug|Any CPU.Build.0 = Debug|Any CPU
		{E3E720FA-1D66-489C-940A-39FF75B579B9}.Release|Any CPU.ActiveCfg = Release|Any CPU
		{E3E720FA-1D66-489C-940A-39FF75B579B9}.Release|Any CPU.Build.0 = Release|Any CPU
		{E7060E47-2852-415D-80AE-4D0935D24311}.Debug|Any CPU.ActiveCfg = Debug|Any CPU
		{E7060E47-2852-415D-80AE-4D0935D24311}.Debug|Any CPU.Build.0 = Debug|Any CPU
		{E7060E47-2852-415D-80AE-4D0935D24311}.Release|Any CPU.ActiveCfg = Release|Any CPU
		{E7060E47-2852-415D-80AE-4D0935D24311}.Release|Any CPU.Build.0 = Release|Any CPU
		{5FAC45FB-97CF-4663-A15E-A91D77078566}.Debug|Any CPU.ActiveCfg = Debug|Any CPU
		{5FAC45FB-97CF-4663-A15E-A91D77078566}.Debug|Any CPU.Build.0 = Debug|Any CPU
		{5FAC45FB-97CF-4663-A15E-A91D77078566}.Release|Any CPU.ActiveCfg = Release|Any CPU
		{5FAC45FB-97CF-4663-A15E-A91D77078566}.Release|Any CPU.Build.0 = Release|Any CPU
		{E6D583F2-2827-4743-9BAC-84D7BBE08BDC}.Debug|Any CPU.ActiveCfg = Debug|Any CPU
		{E6D583F2-2827-4743-9BAC-84D7BBE08BDC}.Debug|Any CPU.Build.0 = Debug|Any CPU
		{E6D583F2-2827-4743-9BAC-84D7BBE08BDC}.Release|Any CPU.ActiveCfg = Release|Any CPU
		{E6D583F2-2827-4743-9BAC-84D7BBE08BDC}.Release|Any CPU.Build.0 = Release|Any CPU
		{058778D1-5486-40B0-9C7D-5C1FD4597F6D}.Debug|Any CPU.ActiveCfg = Debug|Any CPU
		{058778D1-5486-40B0-9C7D-5C1FD4597F6D}.Debug|Any CPU.Build.0 = Debug|Any CPU
		{058778D1-5486-40B0-9C7D-5C1FD4597F6D}.Release|Any CPU.ActiveCfg = Release|Any CPU
		{058778D1-5486-40B0-9C7D-5C1FD4597F6D}.Release|Any CPU.Build.0 = Release|Any CPU
		{5B5E00F7-F232-42E6-812C-79B2FBFC0FF6}.Debug|Any CPU.ActiveCfg = Debug|Any CPU
		{5B5E00F7-F232-42E6-812C-79B2FBFC0FF6}.Debug|Any CPU.Build.0 = Debug|Any CPU
		{5B5E00F7-F232-42E6-812C-79B2FBFC0FF6}.Release|Any CPU.ActiveCfg = Release|Any CPU
		{5B5E00F7-F232-42E6-812C-79B2FBFC0FF6}.Release|Any CPU.Build.0 = Release|Any CPU
		{22F9563A-C40D-483D-871F-5CB76FA6FF2D}.Debug|Any CPU.ActiveCfg = Debug|Any CPU
		{22F9563A-C40D-483D-871F-5CB76FA6FF2D}.Debug|Any CPU.Build.0 = Debug|Any CPU
		{22F9563A-C40D-483D-871F-5CB76FA6FF2D}.Release|Any CPU.ActiveCfg = Release|Any CPU
		{22F9563A-C40D-483D-871F-5CB76FA6FF2D}.Release|Any CPU.Build.0 = Release|Any CPU
		{0E6F1EC3-AE60-4581-9CF7-A033F1BC76D3}.Debug|Any CPU.ActiveCfg = Debug|Any CPU
		{0E6F1EC3-AE60-4581-9CF7-A033F1BC76D3}.Debug|Any CPU.Build.0 = Debug|Any CPU
		{0E6F1EC3-AE60-4581-9CF7-A033F1BC76D3}.Release|Any CPU.ActiveCfg = Release|Any CPU
		{0E6F1EC3-AE60-4581-9CF7-A033F1BC76D3}.Release|Any CPU.Build.0 = Release|Any CPU
		{7CA59CF4-600D-41C4-A43A-BFB6BDA1A1B5}.Debug|Any CPU.ActiveCfg = Debug|Any CPU
		{7CA59CF4-600D-41C4-A43A-BFB6BDA1A1B5}.Debug|Any CPU.Build.0 = Debug|Any CPU
		{7CA59CF4-600D-41C4-A43A-BFB6BDA1A1B5}.Release|Any CPU.ActiveCfg = Release|Any CPU
		{7CA59CF4-600D-41C4-A43A-BFB6BDA1A1B5}.Release|Any CPU.Build.0 = Release|Any CPU
		{CE90C2EE-9570-474B-B3CB-B0DD8D745E41}.Debug|Any CPU.ActiveCfg = Debug|Any CPU
		{CE90C2EE-9570-474B-B3CB-B0DD8D745E41}.Debug|Any CPU.Build.0 = Debug|Any CPU
		{CE90C2EE-9570-474B-B3CB-B0DD8D745E41}.Release|Any CPU.ActiveCfg = Release|Any CPU
		{CE90C2EE-9570-474B-B3CB-B0DD8D745E41}.Release|Any CPU.Build.0 = Release|Any CPU
		{85775424-6732-401A-B3C6-0C6FFFF1FF98}.Debug|Any CPU.ActiveCfg = Debug|Any CPU
		{85775424-6732-401A-B3C6-0C6FFFF1FF98}.Debug|Any CPU.Build.0 = Debug|Any CPU
		{85775424-6732-401A-B3C6-0C6FFFF1FF98}.Release|Any CPU.ActiveCfg = Release|Any CPU
		{85775424-6732-401A-B3C6-0C6FFFF1FF98}.Release|Any CPU.Build.0 = Release|Any CPU
		{167521EC-2916-4B46-AEC8-F04FCBE98C45}.Debug|Any CPU.ActiveCfg = Debug|Any CPU
		{167521EC-2916-4B46-AEC8-F04FCBE98C45}.Debug|Any CPU.Build.0 = Debug|Any CPU
		{167521EC-2916-4B46-AEC8-F04FCBE98C45}.Release|Any CPU.ActiveCfg = Release|Any CPU
		{167521EC-2916-4B46-AEC8-F04FCBE98C45}.Release|Any CPU.Build.0 = Release|Any CPU
		{56A9D0D3-4F73-4DF1-BA7A-9912B397671A}.Debug|Any CPU.ActiveCfg = Debug|Any CPU
		{56A9D0D3-4F73-4DF1-BA7A-9912B397671A}.Debug|Any CPU.Build.0 = Debug|Any CPU
		{56A9D0D3-4F73-4DF1-BA7A-9912B397671A}.Release|Any CPU.ActiveCfg = Release|Any CPU
		{56A9D0D3-4F73-4DF1-BA7A-9912B397671A}.Release|Any CPU.Build.0 = Release|Any CPU
		{5C3EDB76-5BF7-49BB-8C95-47489D79400F}.Debug|Any CPU.ActiveCfg = Debug|Any CPU
		{5C3EDB76-5BF7-49BB-8C95-47489D79400F}.Debug|Any CPU.Build.0 = Debug|Any CPU
		{5C3EDB76-5BF7-49BB-8C95-47489D79400F}.Release|Any CPU.ActiveCfg = Release|Any CPU
		{5C3EDB76-5BF7-49BB-8C95-47489D79400F}.Release|Any CPU.Build.0 = Release|Any CPU
		{CDDD8A70-4E68-4766-A044-B5119CD9CAE0}.Debug|Any CPU.ActiveCfg = Debug|Any CPU
		{CDDD8A70-4E68-4766-A044-B5119CD9CAE0}.Debug|Any CPU.Build.0 = Debug|Any CPU
		{CDDD8A70-4E68-4766-A044-B5119CD9CAE0}.Release|Any CPU.ActiveCfg = Release|Any CPU
		{CDDD8A70-4E68-4766-A044-B5119CD9CAE0}.Release|Any CPU.Build.0 = Release|Any CPU
		{9C01A533-6983-4DA4-B1A9-B597962F700C}.Debug|Any CPU.ActiveCfg = Debug|Any CPU
		{9C01A533-6983-4DA4-B1A9-B597962F700C}.Debug|Any CPU.Build.0 = Debug|Any CPU
		{9C01A533-6983-4DA4-B1A9-B597962F700C}.Release|Any CPU.ActiveCfg = Release|Any CPU
		{9C01A533-6983-4DA4-B1A9-B597962F700C}.Release|Any CPU.Build.0 = Release|Any CPU
		{1DA95D5D-E1A6-4F5B-B36A-A67ED9F25215}.Debug|Any CPU.ActiveCfg = Debug|Any CPU
		{1DA95D5D-E1A6-4F5B-B36A-A67ED9F25215}.Debug|Any CPU.Build.0 = Debug|Any CPU
		{1DA95D5D-E1A6-4F5B-B36A-A67ED9F25215}.Release|Any CPU.ActiveCfg = Release|Any CPU
		{1DA95D5D-E1A6-4F5B-B36A-A67ED9F25215}.Release|Any CPU.Build.0 = Release|Any CPU
		{D9788CA9-A98B-4196-AF23-3812FC7905D4}.Debug|Any CPU.ActiveCfg = Debug|Any CPU
		{D9788CA9-A98B-4196-AF23-3812FC7905D4}.Debug|Any CPU.Build.0 = Debug|Any CPU
		{D9788CA9-A98B-4196-AF23-3812FC7905D4}.Release|Any CPU.ActiveCfg = Release|Any CPU
		{D9788CA9-A98B-4196-AF23-3812FC7905D4}.Release|Any CPU.Build.0 = Release|Any CPU
		{A13DE45D-E53F-4089-B170-72CA13200222}.Debug|Any CPU.ActiveCfg = Debug|Any CPU
		{A13DE45D-E53F-4089-B170-72CA13200222}.Debug|Any CPU.Build.0 = Debug|Any CPU
		{A13DE45D-E53F-4089-B170-72CA13200222}.Release|Any CPU.ActiveCfg = Release|Any CPU
		{A13DE45D-E53F-4089-B170-72CA13200222}.Release|Any CPU.Build.0 = Release|Any CPU
		{68CCD1E6-12E8-4B24-B996-05C29142DD26}.Debug|Any CPU.ActiveCfg = Debug|Any CPU
		{68CCD1E6-12E8-4B24-B996-05C29142DD26}.Debug|Any CPU.Build.0 = Debug|Any CPU
		{68CCD1E6-12E8-4B24-B996-05C29142DD26}.Release|Any CPU.ActiveCfg = Release|Any CPU
		{68CCD1E6-12E8-4B24-B996-05C29142DD26}.Release|Any CPU.Build.0 = Release|Any CPU
		{DACD76E8-C339-4E21-8DF5-806F4288A7EA}.Debug|Any CPU.ActiveCfg = Debug|Any CPU
		{DACD76E8-C339-4E21-8DF5-806F4288A7EA}.Debug|Any CPU.Build.0 = Debug|Any CPU
		{DACD76E8-C339-4E21-8DF5-806F4288A7EA}.Release|Any CPU.ActiveCfg = Release|Any CPU
		{DACD76E8-C339-4E21-8DF5-806F4288A7EA}.Release|Any CPU.Build.0 = Release|Any CPU
		{49FD19F9-860B-428B-8562-7B87C278267E}.Debug|Any CPU.ActiveCfg = Debug|Any CPU
		{49FD19F9-860B-428B-8562-7B87C278267E}.Debug|Any CPU.Build.0 = Debug|Any CPU
		{49FD19F9-860B-428B-8562-7B87C278267E}.Release|Any CPU.ActiveCfg = Release|Any CPU
		{49FD19F9-860B-428B-8562-7B87C278267E}.Release|Any CPU.Build.0 = Release|Any CPU
		{2469CE40-929C-4F4D-AA6C-6745042CCD96}.Debug|Any CPU.ActiveCfg = Debug|Any CPU
		{2469CE40-929C-4F4D-AA6C-6745042CCD96}.Debug|Any CPU.Build.0 = Debug|Any CPU
		{2469CE40-929C-4F4D-AA6C-6745042CCD96}.Release|Any CPU.ActiveCfg = Release|Any CPU
		{2469CE40-929C-4F4D-AA6C-6745042CCD96}.Release|Any CPU.Build.0 = Release|Any CPU
		{377F2891-C1CF-4DAD-A39F-10B3FDFE51CC}.Debug|Any CPU.ActiveCfg = Debug|Any CPU
		{377F2891-C1CF-4DAD-A39F-10B3FDFE51CC}.Debug|Any CPU.Build.0 = Debug|Any CPU
		{377F2891-C1CF-4DAD-A39F-10B3FDFE51CC}.Release|Any CPU.ActiveCfg = Release|Any CPU
		{377F2891-C1CF-4DAD-A39F-10B3FDFE51CC}.Release|Any CPU.Build.0 = Release|Any CPU
		{EBEAA4FB-B55F-4AF9-A1D4-76C98B17BB99}.Debug|Any CPU.ActiveCfg = Debug|Any CPU
		{EBEAA4FB-B55F-4AF9-A1D4-76C98B17BB99}.Debug|Any CPU.Build.0 = Debug|Any CPU
		{EBEAA4FB-B55F-4AF9-A1D4-76C98B17BB99}.Release|Any CPU.ActiveCfg = Release|Any CPU
		{EBEAA4FB-B55F-4AF9-A1D4-76C98B17BB99}.Release|Any CPU.Build.0 = Release|Any CPU
		{75D83ECF-AD7C-4C4A-BC44-CF450549D418}.Debug|Any CPU.ActiveCfg = Debug|Any CPU
		{75D83ECF-AD7C-4C4A-BC44-CF450549D418}.Debug|Any CPU.Build.0 = Debug|Any CPU
		{75D83ECF-AD7C-4C4A-BC44-CF450549D418}.Release|Any CPU.ActiveCfg = Release|Any CPU
		{75D83ECF-AD7C-4C4A-BC44-CF450549D418}.Release|Any CPU.Build.0 = Release|Any CPU
		{A884D614-FC59-416E-9DA6-302F2F5BEF57}.Debug|Any CPU.ActiveCfg = Debug|Any CPU
		{A884D614-FC59-416E-9DA6-302F2F5BEF57}.Debug|Any CPU.Build.0 = Debug|Any CPU
		{A884D614-FC59-416E-9DA6-302F2F5BEF57}.Release|Any CPU.ActiveCfg = Release|Any CPU
		{A884D614-FC59-416E-9DA6-302F2F5BEF57}.Release|Any CPU.Build.0 = Release|Any CPU
		{868D82A2-A602-4FEC-9DE0-C1E1412E603E}.Debug|Any CPU.ActiveCfg = Debug|Any CPU
		{868D82A2-A602-4FEC-9DE0-C1E1412E603E}.Debug|Any CPU.Build.0 = Debug|Any CPU
		{868D82A2-A602-4FEC-9DE0-C1E1412E603E}.Release|Any CPU.ActiveCfg = Release|Any CPU
		{868D82A2-A602-4FEC-9DE0-C1E1412E603E}.Release|Any CPU.Build.0 = Release|Any CPU
		{1FBEEE50-C805-479A-92DD-12B76077F2B6}.Debug|Any CPU.ActiveCfg = Debug|Any CPU
		{1FBEEE50-C805-479A-92DD-12B76077F2B6}.Debug|Any CPU.Build.0 = Debug|Any CPU
		{1FBEEE50-C805-479A-92DD-12B76077F2B6}.Release|Any CPU.ActiveCfg = Release|Any CPU
		{1FBEEE50-C805-479A-92DD-12B76077F2B6}.Release|Any CPU.Build.0 = Release|Any CPU
		{0473ECC0-0F6A-4698-BF67-5B7E97C64041}.Debug|Any CPU.ActiveCfg = Debug|Any CPU
		{0473ECC0-0F6A-4698-BF67-5B7E97C64041}.Debug|Any CPU.Build.0 = Debug|Any CPU
		{0473ECC0-0F6A-4698-BF67-5B7E97C64041}.Release|Any CPU.ActiveCfg = Release|Any CPU
		{0473ECC0-0F6A-4698-BF67-5B7E97C64041}.Release|Any CPU.Build.0 = Release|Any CPU
		{55B7D4AB-FDEC-4F18-8187-9569F40D5D06}.Debug|Any CPU.ActiveCfg = Debug|Any CPU
		{55B7D4AB-FDEC-4F18-8187-9569F40D5D06}.Debug|Any CPU.Build.0 = Debug|Any CPU
		{55B7D4AB-FDEC-4F18-8187-9569F40D5D06}.Release|Any CPU.ActiveCfg = Release|Any CPU
		{55B7D4AB-FDEC-4F18-8187-9569F40D5D06}.Release|Any CPU.Build.0 = Release|Any CPU
		{2D5CD398-C87A-49A8-8BA2-10F5230720B1}.Debug|Any CPU.ActiveCfg = Debug|Any CPU
		{2D5CD398-C87A-49A8-8BA2-10F5230720B1}.Debug|Any CPU.Build.0 = Debug|Any CPU
		{2D5CD398-C87A-49A8-8BA2-10F5230720B1}.Release|Any CPU.ActiveCfg = Release|Any CPU
		{2D5CD398-C87A-49A8-8BA2-10F5230720B1}.Release|Any CPU.Build.0 = Release|Any CPU
		{A9DF1D58-3595-49AE-95E5-8E6F0F59185E}.Debug|Any CPU.ActiveCfg = Debug|Any CPU
		{A9DF1D58-3595-49AE-95E5-8E6F0F59185E}.Debug|Any CPU.Build.0 = Debug|Any CPU
		{A9DF1D58-3595-49AE-95E5-8E6F0F59185E}.Release|Any CPU.ActiveCfg = Release|Any CPU
		{A9DF1D58-3595-49AE-95E5-8E6F0F59185E}.Release|Any CPU.Build.0 = Release|Any CPU
		{1C80D46B-18A2-47BD-A9AB-4AE959BDE18C}.Debug|Any CPU.ActiveCfg = Debug|Any CPU
		{1C80D46B-18A2-47BD-A9AB-4AE959BDE18C}.Debug|Any CPU.Build.0 = Debug|Any CPU
		{1C80D46B-18A2-47BD-A9AB-4AE959BDE18C}.Release|Any CPU.ActiveCfg = Release|Any CPU
		{1C80D46B-18A2-47BD-A9AB-4AE959BDE18C}.Release|Any CPU.Build.0 = Release|Any CPU
		{70E2705B-AEB9-4249-B1A4-3846435DAE75}.Debug|Any CPU.ActiveCfg = Debug|Any CPU
		{70E2705B-AEB9-4249-B1A4-3846435DAE75}.Debug|Any CPU.Build.0 = Debug|Any CPU
		{70E2705B-AEB9-4249-B1A4-3846435DAE75}.Release|Any CPU.ActiveCfg = Release|Any CPU
		{70E2705B-AEB9-4249-B1A4-3846435DAE75}.Release|Any CPU.Build.0 = Release|Any CPU
		{0711B3F9-4767-4988-B3D9-388FA0FFF11A}.Debug|Any CPU.ActiveCfg = Debug|Any CPU
		{0711B3F9-4767-4988-B3D9-388FA0FFF11A}.Debug|Any CPU.Build.0 = Debug|Any CPU
		{0711B3F9-4767-4988-B3D9-388FA0FFF11A}.Release|Any CPU.ActiveCfg = Release|Any CPU
		{0711B3F9-4767-4988-B3D9-388FA0FFF11A}.Release|Any CPU.Build.0 = Release|Any CPU
		{E597AFEF-0BA1-48D0-B23D-F5F42516086E}.Debug|Any CPU.ActiveCfg = Debug|Any CPU
		{E597AFEF-0BA1-48D0-B23D-F5F42516086E}.Debug|Any CPU.Build.0 = Debug|Any CPU
		{E597AFEF-0BA1-48D0-B23D-F5F42516086E}.Release|Any CPU.ActiveCfg = Release|Any CPU
		{E597AFEF-0BA1-48D0-B23D-F5F42516086E}.Release|Any CPU.Build.0 = Release|Any CPU
		{C472FA9D-CC5D-47ED-839E-DD25042ED1C7}.Debug|Any CPU.ActiveCfg = Debug|Any CPU
		{C472FA9D-CC5D-47ED-839E-DD25042ED1C7}.Debug|Any CPU.Build.0 = Debug|Any CPU
		{C472FA9D-CC5D-47ED-839E-DD25042ED1C7}.Release|Any CPU.ActiveCfg = Release|Any CPU
		{C472FA9D-CC5D-47ED-839E-DD25042ED1C7}.Release|Any CPU.Build.0 = Release|Any CPU
		{6511833D-526A-4356-809E-567856E34817}.Debug|Any CPU.ActiveCfg = Debug|Any CPU
		{6511833D-526A-4356-809E-567856E34817}.Debug|Any CPU.Build.0 = Debug|Any CPU
		{6511833D-526A-4356-809E-567856E34817}.Release|Any CPU.ActiveCfg = Release|Any CPU
		{6511833D-526A-4356-809E-567856E34817}.Release|Any CPU.Build.0 = Release|Any CPU
		{0AD817B8-BB9E-4E68-8895-47889D93DDA1}.Debug|Any CPU.ActiveCfg = Debug|Any CPU
		{0AD817B8-BB9E-4E68-8895-47889D93DDA1}.Debug|Any CPU.Build.0 = Debug|Any CPU
		{0AD817B8-BB9E-4E68-8895-47889D93DDA1}.Release|Any CPU.ActiveCfg = Release|Any CPU
		{0AD817B8-BB9E-4E68-8895-47889D93DDA1}.Release|Any CPU.Build.0 = Release|Any CPU
		{4018F05F-3765-42C7-A278-1074ADA02B26}.Debug|Any CPU.ActiveCfg = Debug|Any CPU
		{4018F05F-3765-42C7-A278-1074ADA02B26}.Debug|Any CPU.Build.0 = Debug|Any CPU
		{4018F05F-3765-42C7-A278-1074ADA02B26}.Release|Any CPU.ActiveCfg = Release|Any CPU
		{4018F05F-3765-42C7-A278-1074ADA02B26}.Release|Any CPU.Build.0 = Release|Any CPU
		{A7A57CDB-3138-4825-9EEE-144F7B6781F8}.Debug|Any CPU.ActiveCfg = Debug|Any CPU
		{A7A57CDB-3138-4825-9EEE-144F7B6781F8}.Debug|Any CPU.Build.0 = Debug|Any CPU
		{A7A57CDB-3138-4825-9EEE-144F7B6781F8}.Release|Any CPU.ActiveCfg = Release|Any CPU
		{A7A57CDB-3138-4825-9EEE-144F7B6781F8}.Release|Any CPU.Build.0 = Release|Any CPU
		{E34A256B-CA54-466F-B1D0-B4A84DC6147E}.Debug|Any CPU.ActiveCfg = Debug|Any CPU
		{E34A256B-CA54-466F-B1D0-B4A84DC6147E}.Debug|Any CPU.Build.0 = Debug|Any CPU
		{E34A256B-CA54-466F-B1D0-B4A84DC6147E}.Release|Any CPU.ActiveCfg = Release|Any CPU
		{E34A256B-CA54-466F-B1D0-B4A84DC6147E}.Release|Any CPU.Build.0 = Release|Any CPU
		{1612F812-5937-42EE-BFA8-222BD69E01D3}.Debug|Any CPU.ActiveCfg = Debug|Any CPU
		{1612F812-5937-42EE-BFA8-222BD69E01D3}.Debug|Any CPU.Build.0 = Debug|Any CPU
		{1612F812-5937-42EE-BFA8-222BD69E01D3}.Release|Any CPU.ActiveCfg = Release|Any CPU
		{1612F812-5937-42EE-BFA8-222BD69E01D3}.Release|Any CPU.Build.0 = Release|Any CPU
		{15FCD135-D63F-44F8-BE2E-16A2E627CC6F}.Debug|Any CPU.ActiveCfg = Debug|Any CPU
		{15FCD135-D63F-44F8-BE2E-16A2E627CC6F}.Debug|Any CPU.Build.0 = Debug|Any CPU
		{15FCD135-D63F-44F8-BE2E-16A2E627CC6F}.Release|Any CPU.ActiveCfg = Release|Any CPU
		{15FCD135-D63F-44F8-BE2E-16A2E627CC6F}.Release|Any CPU.Build.0 = Release|Any CPU
		{C67F2B1D-C830-424D-8B64-0B94C47F4522}.Debug|Any CPU.ActiveCfg = Debug|Any CPU
		{C67F2B1D-C830-424D-8B64-0B94C47F4522}.Debug|Any CPU.Build.0 = Debug|Any CPU
		{C67F2B1D-C830-424D-8B64-0B94C47F4522}.Release|Any CPU.ActiveCfg = Release|Any CPU
		{C67F2B1D-C830-424D-8B64-0B94C47F4522}.Release|Any CPU.Build.0 = Release|Any CPU
		{E74D8B5E-2CD7-4B2C-805B-90E7973F1D35}.Debug|Any CPU.ActiveCfg = Debug|Any CPU
		{E74D8B5E-2CD7-4B2C-805B-90E7973F1D35}.Debug|Any CPU.Build.0 = Debug|Any CPU
		{E74D8B5E-2CD7-4B2C-805B-90E7973F1D35}.Release|Any CPU.ActiveCfg = Release|Any CPU
		{E74D8B5E-2CD7-4B2C-805B-90E7973F1D35}.Release|Any CPU.Build.0 = Release|Any CPU
		{A1023D60-CD6A-40DE-9D95-6E03E9DBC793}.Debug|Any CPU.ActiveCfg = Debug|Any CPU
		{A1023D60-CD6A-40DE-9D95-6E03E9DBC793}.Debug|Any CPU.Build.0 = Debug|Any CPU
		{A1023D60-CD6A-40DE-9D95-6E03E9DBC793}.Release|Any CPU.ActiveCfg = Release|Any CPU
		{A1023D60-CD6A-40DE-9D95-6E03E9DBC793}.Release|Any CPU.Build.0 = Release|Any CPU
	EndGlobalSection
	GlobalSection(SolutionProperties) = preSolution
		HideSolutionNode = FALSE
	EndGlobalSection
	GlobalSection(ExtensibilityGlobals) = postSolution
		SolutionGuid = {3268754B-B672-45EA-95C7-EE4C3C81A39F}
	EndGlobalSection
EndGlobal
