
Microsoft Visual Studio Solution File, Format Version 12.00
# Visual Studio Version 17
VisualStudioVersion = 17.2.32630.192
MinimumVisualStudioVersion = 10.0.40219.1
Project("{9A19103F-16F7-4668-BE54-9A1E7A4F7556}") = "R5T.O0011.Construction", "R5T.O0011.Construction\R5T.O0011.Construction.csproj", "{1DB32947-AD50-43E2-8D54-4C5EBB1088FC}"
EndProject
Project("{9A19103F-16F7-4668-BE54-9A1E7A4F7556}") = "R5T.O0011", "R5T.O0011\R5T.O0011.csproj", "{3BF39575-8D2F-4C4D-BFA0-175293E29B60}"
EndProject
Global
	GlobalSection(SolutionConfigurationPlatforms) = preSolution
		Debug|Any CPU = Debug|Any CPU
		Release|Any CPU = Release|Any CPU
	EndGlobalSection
	GlobalSection(ProjectConfigurationPlatforms) = postSolution
		{1DB32947-AD50-43E2-8D54-4C5EBB1088FC}.Debug|Any CPU.ActiveCfg = Debug|Any CPU
		{1DB32947-AD50-43E2-8D54-4C5EBB1088FC}.Debug|Any CPU.Build.0 = Debug|Any CPU
		{1DB32947-AD50-43E2-8D54-4C5EBB1088FC}.Release|Any CPU.ActiveCfg = Release|Any CPU
		{1DB32947-AD50-43E2-8D54-4C5EBB1088FC}.Release|Any CPU.Build.0 = Release|Any CPU
		{3BF39575-8D2F-4C4D-BFA0-175293E29B60}.Debug|Any CPU.ActiveCfg = Debug|Any CPU
		{3BF39575-8D2F-4C4D-BFA0-175293E29B60}.Debug|Any CPU.Build.0 = Debug|Any CPU
		{3BF39575-8D2F-4C4D-BFA0-175293E29B60}.Release|Any CPU.ActiveCfg = Release|Any CPU
		{3BF39575-8D2F-4C4D-BFA0-175293E29B60}.Release|Any CPU.Build.0 = Release|Any CPU
	EndGlobalSection
	GlobalSection(SolutionProperties) = preSolution
		HideSolutionNode = FALSE
	EndGlobalSection
	GlobalSection(ExtensibilityGlobals) = postSolution
		SolutionGuid = {3268754B-B672-45EA-95C7-EE4C3C81A39F}
	EndGlobalSection
EndGlobal
